// !$*UTF8*$!
{
	archiveVersion = 1;
	classes = {
	};
	objectVersion = 50;
	objects = {

/* Begin PBXBuildFile section */
		49BE5B4F224EA90800DB7BDF /* AppDelegate.swift in Sources */ = {isa = PBXBuildFile; fileRef = 49BE5B4E224EA90800DB7BDF /* AppDelegate.swift */; };
		49BE5B51224EA90800DB7BDF /* ViewController.swift in Sources */ = {isa = PBXBuildFile; fileRef = 49BE5B50224EA90800DB7BDF /* ViewController.swift */; };
		49BE5B54224EA90800DB7BDF /* Main.storyboard in Resources */ = {isa = PBXBuildFile; fileRef = 49BE5B52224EA90800DB7BDF /* Main.storyboard */; };
		49BE5B56224EA90900DB7BDF /* Assets.xcassets in Resources */ = {isa = PBXBuildFile; fileRef = 49BE5B55224EA90900DB7BDF /* Assets.xcassets */; };
		49BE5B59224EA90900DB7BDF /* LaunchScreen.storyboard in Resources */ = {isa = PBXBuildFile; fileRef = 49BE5B57224EA90900DB7BDF /* LaunchScreen.storyboard */; };
		8830D18E2256C55300FA109E /* NDT7.framework in Frameworks */ = {isa = PBXBuildFile; fileRef = 8830D17F2256C51500FA109E /* NDT7.framework */; };
/* End PBXBuildFile section */

/* Begin PBXContainerItemProxy section */
		8830D17E2256C51500FA109E /* PBXContainerItemProxy */ = {
			isa = PBXContainerItemProxy;
			containerPortal = 8830D1742256C51500FA109E /* NDT7.xcodeproj */;
			proxyType = 2;
			remoteGlobalIDString = 49BE5B7C224EAA3900DB7BDF;
			remoteInfo = "NDT7 iOS";
		};
		8830D1802256C51500FA109E /* PBXContainerItemProxy */ = {
			isa = PBXContainerItemProxy;
			containerPortal = 8830D1742256C51500FA109E /* NDT7.xcodeproj */;
			proxyType = 2;
			remoteGlobalIDString = 49BE5B85224EAA3900DB7BDF;
			remoteInfo = "NDT7 iOS Tests";
		};
		8830D1822256C51500FA109E /* PBXContainerItemProxy */ = {
			isa = PBXContainerItemProxy;
			containerPortal = 8830D1742256C51500FA109E /* NDT7.xcodeproj */;
			proxyType = 2;
			remoteGlobalIDString = 49BE5BA9224EB9D000DB7BDF;
			remoteInfo = "NDT7 macOS";
		};
		8830D1842256C51500FA109E /* PBXContainerItemProxy */ = {
			isa = PBXContainerItemProxy;
			containerPortal = 8830D1742256C51500FA109E /* NDT7.xcodeproj */;
			proxyType = 2;
			remoteGlobalIDString = 49BE5BB6224EB9D400DB7BDF;
			remoteInfo = "NDT7 macOS Tests";
		};
		8830D1862256C51500FA109E /* PBXContainerItemProxy */ = {
			isa = PBXContainerItemProxy;
			containerPortal = 8830D1742256C51500FA109E /* NDT7.xcodeproj */;
			proxyType = 2;
			remoteGlobalIDString = 49BE5BC3224EBA1E00DB7BDF;
			remoteInfo = "NDT7 tvOS";
		};
		8830D1882256C51500FA109E /* PBXContainerItemProxy */ = {
			isa = PBXContainerItemProxy;
			containerPortal = 8830D1742256C51500FA109E /* NDT7.xcodeproj */;
			proxyType = 2;
			remoteGlobalIDString = 49BE5BD0224EBA2200DB7BDF;
			remoteInfo = "NDT7 tvOS Tests";
		};
		8830D18A2256C51500FA109E /* PBXContainerItemProxy */ = {
			isa = PBXContainerItemProxy;
			containerPortal = 8830D1742256C51500FA109E /* NDT7.xcodeproj */;
			proxyType = 2;
			remoteGlobalIDString = 49C52FFF224ED19600592C4C;
			remoteInfo = "NDT7 watchOS";
		};
		8830D18C2256C54C00FA109E /* PBXContainerItemProxy */ = {
			isa = PBXContainerItemProxy;
			containerPortal = 8830D1742256C51500FA109E /* NDT7.xcodeproj */;
			proxyType = 1;
			remoteGlobalIDString = 49BE5B7B224EAA3900DB7BDF;
			remoteInfo = "NDT7 iOS";
		};
/* End PBXContainerItemProxy section */

/* Begin PBXFileReference section */
		49BE5B4B224EA90800DB7BDF /* NDT7 iOS Example.app */ = {isa = PBXFileReference; explicitFileType = wrapper.application; includeInIndex = 0; path = "NDT7 iOS Example.app"; sourceTree = BUILT_PRODUCTS_DIR; };
		49BE5B4E224EA90800DB7BDF /* AppDelegate.swift */ = {isa = PBXFileReference; lastKnownFileType = sourcecode.swift; path = AppDelegate.swift; sourceTree = "<group>"; };
		49BE5B50224EA90800DB7BDF /* ViewController.swift */ = {isa = PBXFileReference; lastKnownFileType = sourcecode.swift; path = ViewController.swift; sourceTree = "<group>"; };
		49BE5B53224EA90800DB7BDF /* Base */ = {isa = PBXFileReference; lastKnownFileType = file.storyboard; name = Base; path = Base.lproj/Main.storyboard; sourceTree = "<group>"; };
		49BE5B55224EA90900DB7BDF /* Assets.xcassets */ = {isa = PBXFileReference; lastKnownFileType = folder.assetcatalog; path = Assets.xcassets; sourceTree = "<group>"; };
		49BE5B58224EA90900DB7BDF /* Base */ = {isa = PBXFileReference; lastKnownFileType = file.storyboard; name = Base; path = Base.lproj/LaunchScreen.storyboard; sourceTree = "<group>"; };
		49BE5B5A224EA90900DB7BDF /* Info.plist */ = {isa = PBXFileReference; lastKnownFileType = text.plist.xml; path = Info.plist; sourceTree = "<group>"; };
		8830D1742256C51500FA109E /* NDT7.xcodeproj */ = {isa = PBXFileReference; lastKnownFileType = "wrapper.pb-project"; name = NDT7.xcodeproj; path = ../NDT7.xcodeproj; sourceTree = "<group>"; };
/* End PBXFileReference section */

/* Begin PBXFrameworksBuildPhase section */
		49BE5B48224EA90800DB7BDF /* Frameworks */ = {
			isa = PBXFrameworksBuildPhase;
			buildActionMask = 2147483647;
			files = (
				8830D18E2256C55300FA109E /* NDT7.framework in Frameworks */,
			);
			runOnlyForDeploymentPostprocessing = 0;
		};
/* End PBXFrameworksBuildPhase section */

/* Begin PBXGroup section */
		49BE5B42224EA90800DB7BDF = {
			isa = PBXGroup;
			children = (
				8830D1742256C51500FA109E /* NDT7.xcodeproj */,
				49BE5B4D224EA90800DB7BDF /* Sources */,
				49BE5B4C224EA90800DB7BDF /* Products */,
			);
			sourceTree = "<group>";
		};
		49BE5B4C224EA90800DB7BDF /* Products */ = {
			isa = PBXGroup;
			children = (
				49BE5B4B224EA90800DB7BDF /* NDT7 iOS Example.app */,
			);
			name = Products;
			sourceTree = "<group>";
		};
		49BE5B4D224EA90800DB7BDF /* Sources */ = {
			isa = PBXGroup;
			children = (
				49BE5B4E224EA90800DB7BDF /* AppDelegate.swift */,
				49BE5B50224EA90800DB7BDF /* ViewController.swift */,
				49BE5B52224EA90800DB7BDF /* Main.storyboard */,
				49BE5B55224EA90900DB7BDF /* Assets.xcassets */,
				49BE5B57224EA90900DB7BDF /* LaunchScreen.storyboard */,
				49BE5B5A224EA90900DB7BDF /* Info.plist */,
			);
			path = Sources;
			sourceTree = "<group>";
		};
		8830D1752256C51500FA109E /* Products */ = {
			isa = PBXGroup;
			children = (
				8830D17F2256C51500FA109E /* NDT7.framework */,
				8830D1812256C51500FA109E /* NDT7 iOS Tests.xctest */,
				8830D1832256C51500FA109E /* NDT7.framework */,
				8830D1852256C51500FA109E /* NDT7 macOS Tests.xctest */,
				8830D1872256C51500FA109E /* NDT7.framework */,
				8830D1892256C51500FA109E /* NDT7 tvOS Tests.xctest */,
				8830D18B2256C51500FA109E /* NDT7.framework */,
			);
			name = Products;
			sourceTree = "<group>";
		};
/* End PBXGroup section */

/* Begin PBXNativeTarget section */
		49BE5B4A224EA90800DB7BDF /* NDT7 iOS Example */ = {
			isa = PBXNativeTarget;
			buildConfigurationList = 49BE5B5D224EA90900DB7BDF /* Build configuration list for PBXNativeTarget "NDT7 iOS Example" */;
			buildPhases = (
				49BE5B47224EA90800DB7BDF /* Sources */,
				49BE5B48224EA90800DB7BDF /* Frameworks */,
				49BE5B49224EA90800DB7BDF /* Resources */,
			);
			buildRules = (
			);
			dependencies = (
				8830D18D2256C54C00FA109E /* PBXTargetDependency */,
			);
			name = "NDT7 iOS Example";
			productName = "NDT7 iOS Example";
			productReference = 49BE5B4B224EA90800DB7BDF /* NDT7 iOS Example.app */;
			productType = "com.apple.product-type.application";
		};
/* End PBXNativeTarget section */

/* Begin PBXProject section */
		49BE5B43224EA90800DB7BDF /* Project object */ = {
			isa = PBXProject;
			attributes = {
				LastSwiftUpdateCheck = 1020;
				LastUpgradeCheck = 1020;
				ORGANIZATIONNAME = "M-Lab";
				TargetAttributes = {
					49BE5B4A224EA90800DB7BDF = {
						CreatedOnToolsVersion = 10.2;
					};
				};
			};
			buildConfigurationList = 49BE5B46224EA90800DB7BDF /* Build configuration list for PBXProject "NDT7 iOS Example" */;
			compatibilityVersion = "Xcode 9.3";
			developmentRegion = en;
			hasScannedForEncodings = 0;
			knownRegions = (
				en,
				Base,
			);
			mainGroup = 49BE5B42224EA90800DB7BDF;
			productRefGroup = 49BE5B4C224EA90800DB7BDF /* Products */;
			projectDirPath = "";
			projectReferences = (
				{
					ProductGroup = 8830D1752256C51500FA109E /* Products */;
					ProjectRef = 8830D1742256C51500FA109E /* NDT7.xcodeproj */;
				},
			);
			projectRoot = "";
			targets = (
				49BE5B4A224EA90800DB7BDF /* NDT7 iOS Example */,
			);
		};
/* End PBXProject section */

/* Begin PBXReferenceProxy section */
		8830D17F2256C51500FA109E /* NDT7.framework */ = {
			isa = PBXReferenceProxy;
			fileType = wrapper.framework;
			path = NDT7.framework;
			remoteRef = 8830D17E2256C51500FA109E /* PBXContainerItemProxy */;
			sourceTree = BUILT_PRODUCTS_DIR;
		};
		8830D1812256C51500FA109E /* NDT7 iOS Tests.xctest */ = {
			isa = PBXReferenceProxy;
			fileType = wrapper.cfbundle;
			path = "NDT7 iOS Tests.xctest";
			remoteRef = 8830D1802256C51500FA109E /* PBXContainerItemProxy */;
			sourceTree = BUILT_PRODUCTS_DIR;
		};
		8830D1832256C51500FA109E /* NDT7.framework */ = {
			isa = PBXReferenceProxy;
			fileType = wrapper.framework;
			path = NDT7.framework;
			remoteRef = 8830D1822256C51500FA109E /* PBXContainerItemProxy */;
			sourceTree = BUILT_PRODUCTS_DIR;
		};
		8830D1852256C51500FA109E /* NDT7 macOS Tests.xctest */ = {
			isa = PBXReferenceProxy;
			fileType = wrapper.cfbundle;
			path = "NDT7 macOS Tests.xctest";
			remoteRef = 8830D1842256C51500FA109E /* PBXContainerItemProxy */;
			sourceTree = BUILT_PRODUCTS_DIR;
		};
		8830D1872256C51500FA109E /* NDT7.framework */ = {
			isa = PBXReferenceProxy;
			fileType = wrapper.framework;
			path = NDT7.framework;
			remoteRef = 8830D1862256C51500FA109E /* PBXContainerItemProxy */;
			sourceTree = BUILT_PRODUCTS_DIR;
		};
		8830D1892256C51500FA109E /* NDT7 tvOS Tests.xctest */ = {
			isa = PBXReferenceProxy;
			fileType = wrapper.cfbundle;
			path = "NDT7 tvOS Tests.xctest";
			remoteRef = 8830D1882256C51500FA109E /* PBXContainerItemProxy */;
			sourceTree = BUILT_PRODUCTS_DIR;
		};
		8830D18B2256C51500FA109E /* NDT7.framework */ = {
			isa = PBXReferenceProxy;
			fileType = wrapper.framework;
			path = NDT7.framework;
			remoteRef = 8830D18A2256C51500FA109E /* PBXContainerItemProxy */;
			sourceTree = BUILT_PRODUCTS_DIR;
		};
/* End PBXReferenceProxy section */

/* Begin PBXResourcesBuildPhase section */
		49BE5B49224EA90800DB7BDF /* Resources */ = {
			isa = PBXResourcesBuildPhase;
			buildActionMask = 2147483647;
			files = (
				49BE5B59224EA90900DB7BDF /* LaunchScreen.storyboard in Resources */,
				49BE5B56224EA90900DB7BDF /* Assets.xcassets in Resources */,
				49BE5B54224EA90800DB7BDF /* Main.storyboard in Resources */,
			);
			runOnlyForDeploymentPostprocessing = 0;
		};
/* End PBXResourcesBuildPhase section */

/* Begin PBXSourcesBuildPhase section */
		49BE5B47224EA90800DB7BDF /* Sources */ = {
			isa = PBXSourcesBuildPhase;
			buildActionMask = 2147483647;
			files = (
				49BE5B51224EA90800DB7BDF /* ViewController.swift in Sources */,
				49BE5B4F224EA90800DB7BDF /* AppDelegate.swift in Sources */,
			);
			runOnlyForDeploymentPostprocessing = 0;
		};
/* End PBXSourcesBuildPhase section */

/* Begin PBXTargetDependency section */
		8830D18D2256C54C00FA109E /* PBXTargetDependency */ = {
			isa = PBXTargetDependency;
			name = "NDT7 iOS";
			targetProxy = 8830D18C2256C54C00FA109E /* PBXContainerItemProxy */;
		};
/* End PBXTargetDependency section */

/* Begin PBXVariantGroup section */
		49BE5B52224EA90800DB7BDF /* Main.storyboard */ = {
			isa = PBXVariantGroup;
			children = (
				49BE5B53224EA90800DB7BDF /* Base */,
			);
			name = Main.storyboard;
			sourceTree = "<group>";
		};
		49BE5B57224EA90900DB7BDF /* LaunchScreen.storyboard */ = {
			isa = PBXVariantGroup;
			children = (
				49BE5B58224EA90900DB7BDF /* Base */,
			);
			name = LaunchScreen.storyboard;
			sourceTree = "<group>";
		};
/* End PBXVariantGroup section */

/* Begin XCBuildConfiguration section */
		49BE5B5B224EA90900DB7BDF /* Debug */ = {
			isa = XCBuildConfiguration;
			buildSettings = {
				ALWAYS_SEARCH_USER_PATHS = NO;
				CLANG_ANALYZER_NONNULL = YES;
				CLANG_ANALYZER_NUMBER_OBJECT_CONVERSION = YES_AGGRESSIVE;
				CLANG_CXX_LANGUAGE_STANDARD = "gnu++14";
				CLANG_CXX_LIBRARY = "libc++";
				CLANG_ENABLE_MODULES = YES;
				CLANG_ENABLE_OBJC_ARC = YES;
				CLANG_ENABLE_OBJC_WEAK = YES;
				CLANG_WARN_BLOCK_CAPTURE_AUTORELEASING = YES;
				CLANG_WARN_BOOL_CONVERSION = YES;
				CLANG_WARN_COMMA = YES;
				CLANG_WARN_CONSTANT_CONVERSION = YES;
				CLANG_WARN_DEPRECATED_OBJC_IMPLEMENTATIONS = YES;
				CLANG_WARN_DIRECT_OBJC_ISA_USAGE = YES_ERROR;
				CLANG_WARN_DOCUMENTATION_COMMENTS = YES;
				CLANG_WARN_EMPTY_BODY = YES;
				CLANG_WARN_ENUM_CONVERSION = YES;
				CLANG_WARN_INFINITE_RECURSION = YES;
				CLANG_WARN_INT_CONVERSION = YES;
				CLANG_WARN_NON_LITERAL_NULL_CONVERSION = YES;
				CLANG_WARN_OBJC_IMPLICIT_RETAIN_SELF = YES;
				CLANG_WARN_OBJC_LITERAL_CONVERSION = YES;
				CLANG_WARN_OBJC_ROOT_CLASS = YES_ERROR;
				CLANG_WARN_RANGE_LOOP_ANALYSIS = YES;
				CLANG_WARN_STRICT_PROTOTYPES = YES;
				CLANG_WARN_SUSPICIOUS_MOVE = YES;
				CLANG_WARN_UNGUARDED_AVAILABILITY = YES_AGGRESSIVE;
				CLANG_WARN_UNREACHABLE_CODE = YES;
				CLANG_WARN__DUPLICATE_METHOD_MATCH = YES;
				CODE_SIGN_IDENTITY = "iPhone Developer";
				COPY_PHASE_STRIP = NO;
				DEBUG_INFORMATION_FORMAT = dwarf;
				ENABLE_STRICT_OBJC_MSGSEND = YES;
				ENABLE_TESTABILITY = YES;
				GCC_C_LANGUAGE_STANDARD = gnu11;
				GCC_DYNAMIC_NO_PIC = NO;
				GCC_NO_COMMON_BLOCKS = YES;
				GCC_OPTIMIZATION_LEVEL = 0;
				GCC_PREPROCESSOR_DEFINITIONS = (
					"DEBUG=1",
					"$(inherited)",
				);
				GCC_WARN_64_TO_32_BIT_CONVERSION = YES;
				GCC_WARN_ABOUT_RETURN_TYPE = YES_ERROR;
				GCC_WARN_UNDECLARED_SELECTOR = YES;
				GCC_WARN_UNINITIALIZED_AUTOS = YES_AGGRESSIVE;
				GCC_WARN_UNUSED_FUNCTION = YES;
				GCC_WARN_UNUSED_VARIABLE = YES;
				IPHONEOS_DEPLOYMENT_TARGET = 10.0;
				MACOSX_DEPLOYMENT_TARGET = 10.12;
				MTL_ENABLE_DEBUG_INFO = INCLUDE_SOURCE;
				MTL_FAST_MATH = YES;
				ONLY_ACTIVE_ARCH = YES;
				SDKROOT = iphoneos;
				SWIFT_ACTIVE_COMPILATION_CONDITIONS = DEBUG;
				SWIFT_OPTIMIZATION_LEVEL = "-Onone";
				SWIFT_VERSION = 5.0;
				TVOS_DEPLOYMENT_TARGET = 10.0;
				WATCHOS_DEPLOYMENT_TARGET = 3.0;
			};
			name = Debug;
		};
		49BE5B5C224EA90900DB7BDF /* Release */ = {
			isa = XCBuildConfiguration;
			buildSettings = {
				ALWAYS_SEARCH_USER_PATHS = NO;
				CLANG_ANALYZER_NONNULL = YES;
				CLANG_ANALYZER_NUMBER_OBJECT_CONVERSION = YES_AGGRESSIVE;
				CLANG_CXX_LANGUAGE_STANDARD = "gnu++14";
				CLANG_CXX_LIBRARY = "libc++";
				CLANG_ENABLE_MODULES = YES;
				CLANG_ENABLE_OBJC_ARC = YES;
				CLANG_ENABLE_OBJC_WEAK = YES;
				CLANG_WARN_BLOCK_CAPTURE_AUTORELEASING = YES;
				CLANG_WARN_BOOL_CONVERSION = YES;
				CLANG_WARN_COMMA = YES;
				CLANG_WARN_CONSTANT_CONVERSION = YES;
				CLANG_WARN_DEPRECATED_OBJC_IMPLEMENTATIONS = YES;
				CLANG_WARN_DIRECT_OBJC_ISA_USAGE = YES_ERROR;
				CLANG_WARN_DOCUMENTATION_COMMENTS = YES;
				CLANG_WARN_EMPTY_BODY = YES;
				CLANG_WARN_ENUM_CONVERSION = YES;
				CLANG_WARN_INFINITE_RECURSION = YES;
				CLANG_WARN_INT_CONVERSION = YES;
				CLANG_WARN_NON_LITERAL_NULL_CONVERSION = YES;
				CLANG_WARN_OBJC_IMPLICIT_RETAIN_SELF = YES;
				CLANG_WARN_OBJC_LITERAL_CONVERSION = YES;
				CLANG_WARN_OBJC_ROOT_CLASS = YES_ERROR;
				CLANG_WARN_RANGE_LOOP_ANALYSIS = YES;
				CLANG_WARN_STRICT_PROTOTYPES = YES;
				CLANG_WARN_SUSPICIOUS_MOVE = YES;
				CLANG_WARN_UNGUARDED_AVAILABILITY = YES_AGGRESSIVE;
				CLANG_WARN_UNREACHABLE_CODE = YES;
				CLANG_WARN__DUPLICATE_METHOD_MATCH = YES;
				CODE_SIGN_IDENTITY = "iPhone Developer";
				COPY_PHASE_STRIP = NO;
				DEBUG_INFORMATION_FORMAT = "dwarf-with-dsym";
				ENABLE_NS_ASSERTIONS = NO;
				ENABLE_STRICT_OBJC_MSGSEND = YES;
				GCC_C_LANGUAGE_STANDARD = gnu11;
				GCC_NO_COMMON_BLOCKS = YES;
				GCC_WARN_64_TO_32_BIT_CONVERSION = YES;
				GCC_WARN_ABOUT_RETURN_TYPE = YES_ERROR;
				GCC_WARN_UNDECLARED_SELECTOR = YES;
				GCC_WARN_UNINITIALIZED_AUTOS = YES_AGGRESSIVE;
				GCC_WARN_UNUSED_FUNCTION = YES;
				GCC_WARN_UNUSED_VARIABLE = YES;
				IPHONEOS_DEPLOYMENT_TARGET = 10.0;
				MACOSX_DEPLOYMENT_TARGET = 10.12;
				MTL_ENABLE_DEBUG_INFO = NO;
				MTL_FAST_MATH = YES;
				SDKROOT = iphoneos;
				SWIFT_COMPILATION_MODE = wholemodule;
				SWIFT_OPTIMIZATION_LEVEL = "-O";
				SWIFT_VERSION = 5.0;
				TVOS_DEPLOYMENT_TARGET = 10.0;
				VALIDATE_PRODUCT = YES;
				WATCHOS_DEPLOYMENT_TARGET = 3.0;
			};
			name = Release;
		};
		49BE5B5E224EA90900DB7BDF /* Debug */ = {
			isa = XCBuildConfiguration;
			buildSettings = {
				ASSETCATALOG_COMPILER_APPICON_NAME = AppIcon;
				CODE_SIGN_STYLE = Automatic;
				INFOPLIST_FILE = "$(SRCROOT)/Sources/Info.plist";
				IPHONEOS_DEPLOYMENT_TARGET = 10.0;
				LD_RUNPATH_SEARCH_PATHS = (
					"$(inherited)",
					"@executable_path/Frameworks",
				);
				PRODUCT_BUNDLE_IDENTIFIER = "net.measurementlab.NDT7-iOS-Example";
				PRODUCT_NAME = "$(TARGET_NAME)";
				SWIFT_VERSION = 5.0;
				TARGETED_DEVICE_FAMILY = "1,2";
			};
			name = Debug;
		};
		49BE5B5F224EA90900DB7BDF /* Release */ = {
			isa = XCBuildConfiguration;
			buildSettings = {
				ASSETCATALOG_COMPILER_APPICON_NAME = AppIcon;
				CODE_SIGN_STYLE = Automatic;
				INFOPLIST_FILE = "$(SRCROOT)/Sources/Info.plist";
				IPHONEOS_DEPLOYMENT_TARGET = 10.0;
				LD_RUNPATH_SEARCH_PATHS = (
					"$(inherited)",
					"@executable_path/Frameworks",
				);
				PRODUCT_BUNDLE_IDENTIFIER = "net.measurementlab.NDT7-iOS-Example";
				PRODUCT_NAME = "$(TARGET_NAME)";
				SWIFT_VERSION = 5.0;
				TARGETED_DEVICE_FAMILY = "1,2";
			};
			name = Release;
		};
/* End XCBuildConfiguration section */

/* Begin XCConfigurationList section */
		49BE5B46224EA90800DB7BDF /* Build configuration list for PBXProject "NDT7 iOS Example" */ = {
			isa = XCConfigurationList;
			buildConfigurations = (
				49BE5B5B224EA90900DB7BDF /* Debug */,
				49BE5B5C224EA90900DB7BDF /* Release */,
			);
			defaultConfigurationIsVisible = 0;
			defaultConfigurationName = Release;
		};
		49BE5B5D224EA90900DB7BDF /* Build configuration list for PBXNativeTarget "NDT7 iOS Example" */ = {
			isa = XCConfigurationList;
			buildConfigurations = (
				49BE5B5E224EA90900DB7BDF /* Debug */,
				49BE5B5F224EA90900DB7BDF /* Release */,
			);
			defaultConfigurationIsVisible = 0;
			defaultConfigurationName = Release;
		};
/* End XCConfigurationList section */
	};
	rootObject = 49BE5B43224EA90800DB7BDF /* Project object */;
}
