// !$*UTF8*$!
{
	archiveVersion = 1;
	classes = {
	};
	objectVersion = 50;
	objects = {

/* Begin PBXAggregateTarget section */
		49610812225FBE5500678DF8 /* Remove Trailing Whitespaces */ = {
			isa = PBXAggregateTarget;
			buildConfigurationList = 49610813225FBE5500678DF8 /* Build configuration list for PBXAggregateTarget "Remove Trailing Whitespaces" */;
			buildPhases = (
				49610816225FBE6400678DF8 /* Remove Trailing Whitespaces */,
			);
			dependencies = (
			);
			name = "Remove Trailing Whitespaces";
			productName = "Remove Trailing Whitespaces";
		};
/* End PBXAggregateTarget section */

/* Begin PBXBuildFile section */
		4953B8B82257B24C00C3F002 /* NDT7.framework in Frameworks */ = {isa = PBXBuildFile; fileRef = 49BE5BA9224EB9D000DB7BDF /* NDT7.framework */; };
		496107F9225EB04B00678DF8 /* LogNDT7Tests.swift in Sources */ = {isa = PBXBuildFile; fileRef = 496107F8225EB04B00678DF8 /* LogNDT7Tests.swift */; };
		496107FE225EB0A400678DF8 /* LogNDT7Tests.swift in Sources */ = {isa = PBXBuildFile; fileRef = 496107F8225EB04B00678DF8 /* LogNDT7Tests.swift */; };
		496107FF225EB0A500678DF8 /* LogNDT7Tests.swift in Sources */ = {isa = PBXBuildFile; fileRef = 496107F8225EB04B00678DF8 /* LogNDT7Tests.swift */; };
		49610801225EB0B700678DF8 /* SystemConsoleLoggerTests.swift in Sources */ = {isa = PBXBuildFile; fileRef = 49610800225EB0B700678DF8 /* SystemConsoleLoggerTests.swift */; };
		49610802225EB0B700678DF8 /* SystemConsoleLoggerTests.swift in Sources */ = {isa = PBXBuildFile; fileRef = 49610800225EB0B700678DF8 /* SystemConsoleLoggerTests.swift */; };
		49610803225EB0B700678DF8 /* SystemConsoleLoggerTests.swift in Sources */ = {isa = PBXBuildFile; fileRef = 49610800225EB0B700678DF8 /* SystemConsoleLoggerTests.swift */; };
		49610805225EB0D600678DF8 /* FileLoggerTests.swift in Sources */ = {isa = PBXBuildFile; fileRef = 49610804225EB0D600678DF8 /* FileLoggerTests.swift */; };
		49610806225EB0D600678DF8 /* FileLoggerTests.swift in Sources */ = {isa = PBXBuildFile; fileRef = 49610804225EB0D600678DF8 /* FileLoggerTests.swift */; };
		49610807225EB0D600678DF8 /* FileLoggerTests.swift in Sources */ = {isa = PBXBuildFile; fileRef = 49610804225EB0D600678DF8 /* FileLoggerTests.swift */; };
		4961080B225EB17800678DF8 /* QueueTests.swift in Sources */ = {isa = PBXBuildFile; fileRef = 4961080A225EB17800678DF8 /* QueueTests.swift */; };
		4961080C225EB17800678DF8 /* QueueTests.swift in Sources */ = {isa = PBXBuildFile; fileRef = 4961080A225EB17800678DF8 /* QueueTests.swift */; };
		4961080D225EB17800678DF8 /* QueueTests.swift in Sources */ = {isa = PBXBuildFile; fileRef = 4961080A225EB17800678DF8 /* QueueTests.swift */; };
		4961080F225EB18800678DF8 /* DateExtensionTests.swift in Sources */ = {isa = PBXBuildFile; fileRef = 4961080E225EB18800678DF8 /* DateExtensionTests.swift */; };
		49610810225EB18800678DF8 /* DateExtensionTests.swift in Sources */ = {isa = PBXBuildFile; fileRef = 4961080E225EB18800678DF8 /* DateExtensionTests.swift */; };
		49610811225EB18800678DF8 /* DateExtensionTests.swift in Sources */ = {isa = PBXBuildFile; fileRef = 4961080E225EB18800678DF8 /* DateExtensionTests.swift */; };
		49BB5F12224FDC7200CEB9E0 /* NDT7.swift in Sources */ = {isa = PBXBuildFile; fileRef = 49BE5BD9224ECD7700DB7BDF /* NDT7.swift */; };
		49BB5F13224FDC7300CEB9E0 /* NDT7.swift in Sources */ = {isa = PBXBuildFile; fileRef = 49BE5BD9224ECD7700DB7BDF /* NDT7.swift */; };
		49BE5B86224EAA3900DB7BDF /* NDT7.framework in Frameworks */ = {isa = PBXBuildFile; fileRef = 49BE5B7C224EAA3900DB7BDF /* NDT7.framework */; };
		49BE5B8B224EAA3900DB7BDF /* NDT7Tests.swift in Sources */ = {isa = PBXBuildFile; fileRef = 49BE5B8A224EAA3900DB7BDF /* NDT7Tests.swift */; };
		49BE5B8D224EAA3900DB7BDF /* NDT7.h in Headers */ = {isa = PBXBuildFile; fileRef = 49BE5B7F224EAA3900DB7BDF /* NDT7.h */; settings = {ATTRIBUTES = (Public, ); }; };
		49BE5B98224EAB5200DB7BDF /* AUTHORS in Resources */ = {isa = PBXBuildFile; fileRef = 49BE5B97224EAB5200DB7BDF /* AUTHORS */; };
		49BE5B9A224EAB5C00DB7BDF /* README.md in Resources */ = {isa = PBXBuildFile; fileRef = 49BE5B99224EAB5C00DB7BDF /* README.md */; };
		49BE5B9C224EAB7300DB7BDF /* LICENSE in Resources */ = {isa = PBXBuildFile; fileRef = 49BE5B9B224EAB7300DB7BDF /* LICENSE */; };
		49BE5B9F224EB9D000DB7BDF /* NDT7.h in Headers */ = {isa = PBXBuildFile; fileRef = 49BE5B7F224EAA3900DB7BDF /* NDT7.h */; settings = {ATTRIBUTES = (Public, ); }; };
		49BE5BA3224EB9D000DB7BDF /* LICENSE in Resources */ = {isa = PBXBuildFile; fileRef = 49BE5B9B224EAB7300DB7BDF /* LICENSE */; };
		49BE5BA4224EB9D000DB7BDF /* README.md in Resources */ = {isa = PBXBuildFile; fileRef = 49BE5B99224EAB5C00DB7BDF /* README.md */; };
		49BE5BA5224EB9D000DB7BDF /* AUTHORS in Resources */ = {isa = PBXBuildFile; fileRef = 49BE5B97224EAB5200DB7BDF /* AUTHORS */; };
		49BE5BAF224EB9D400DB7BDF /* NDT7Tests.swift in Sources */ = {isa = PBXBuildFile; fileRef = 49BE5B8A224EAA3900DB7BDF /* NDT7Tests.swift */; };
		49BE5BB9224EBA1E00DB7BDF /* NDT7.h in Headers */ = {isa = PBXBuildFile; fileRef = 49BE5B7F224EAA3900DB7BDF /* NDT7.h */; settings = {ATTRIBUTES = (Public, ); }; };
		49BE5BBD224EBA1E00DB7BDF /* LICENSE in Resources */ = {isa = PBXBuildFile; fileRef = 49BE5B9B224EAB7300DB7BDF /* LICENSE */; };
		49BE5BBE224EBA1E00DB7BDF /* README.md in Resources */ = {isa = PBXBuildFile; fileRef = 49BE5B99224EAB5C00DB7BDF /* README.md */; };
		49BE5BBF224EBA1E00DB7BDF /* AUTHORS in Resources */ = {isa = PBXBuildFile; fileRef = 49BE5B97224EAB5200DB7BDF /* AUTHORS */; };
		49BE5BC9224EBA2200DB7BDF /* NDT7Tests.swift in Sources */ = {isa = PBXBuildFile; fileRef = 49BE5B8A224EAA3900DB7BDF /* NDT7Tests.swift */; };
		49BE5BD6224EC1D900DB7BDF /* NDT7.framework in Frameworks */ = {isa = PBXBuildFile; fileRef = 49BE5BC3224EBA1E00DB7BDF /* NDT7.framework */; };
		49BE5BDA224ECD7700DB7BDF /* NDT7.swift in Sources */ = {isa = PBXBuildFile; fileRef = 49BE5BD9224ECD7700DB7BDF /* NDT7.swift */; };
		49C52FF4224ED19600592C4C /* NDT7.h in Headers */ = {isa = PBXBuildFile; fileRef = 49BE5B7F224EAA3900DB7BDF /* NDT7.h */; settings = {ATTRIBUTES = (Public, ); }; };
		49C52FF6224ED19600592C4C /* NDT7.swift in Sources */ = {isa = PBXBuildFile; fileRef = 49BE5BD9224ECD7700DB7BDF /* NDT7.swift */; };
		49C52FF9224ED19600592C4C /* LICENSE in Resources */ = {isa = PBXBuildFile; fileRef = 49BE5B9B224EAB7300DB7BDF /* LICENSE */; };
		49C52FFA224ED19600592C4C /* README.md in Resources */ = {isa = PBXBuildFile; fileRef = 49BE5B99224EAB5C00DB7BDF /* README.md */; };
		49C52FFB224ED19600592C4C /* AUTHORS in Resources */ = {isa = PBXBuildFile; fileRef = 49BE5B97224EAB5200DB7BDF /* AUTHORS */; };
		49D69380226A5A8600B7277A /* WeakRefTests.swift in Sources */ = {isa = PBXBuildFile; fileRef = 49D6937F226A5A8600B7277A /* WeakRefTests.swift */; };
		49D69381226A5A8600B7277A /* WeakRefTests.swift in Sources */ = {isa = PBXBuildFile; fileRef = 49D6937F226A5A8600B7277A /* WeakRefTests.swift */; };
		49D69382226A5A8600B7277A /* WeakRefTests.swift in Sources */ = {isa = PBXBuildFile; fileRef = 49D6937F226A5A8600B7277A /* WeakRefTests.swift */; };
		49D69384226A5C1E00B7277A /* NDT7SettingsTests.swift in Sources */ = {isa = PBXBuildFile; fileRef = 49D69383226A5C1E00B7277A /* NDT7SettingsTests.swift */; };
		49D69385226A5C1E00B7277A /* NDT7SettingsTests.swift in Sources */ = {isa = PBXBuildFile; fileRef = 49D69383226A5C1E00B7277A /* NDT7SettingsTests.swift */; };
		49D69386226A5C1E00B7277A /* NDT7SettingsTests.swift in Sources */ = {isa = PBXBuildFile; fileRef = 49D69383226A5C1E00B7277A /* NDT7SettingsTests.swift */; };
		49D69388226A5C2F00B7277A /* NDT7MeasurementTests.swift in Sources */ = {isa = PBXBuildFile; fileRef = 49D69387226A5C2F00B7277A /* NDT7MeasurementTests.swift */; };
		49D69389226A5C2F00B7277A /* NDT7MeasurementTests.swift in Sources */ = {isa = PBXBuildFile; fileRef = 49D69387226A5C2F00B7277A /* NDT7MeasurementTests.swift */; };
		49D6938A226A5C2F00B7277A /* NDT7MeasurementTests.swift in Sources */ = {isa = PBXBuildFile; fileRef = 49D69387226A5C2F00B7277A /* NDT7MeasurementTests.swift */; };
		49D6938C226A5C7300B7277A /* NDT7TestTests.swift in Sources */ = {isa = PBXBuildFile; fileRef = 49D6938B226A5C7300B7277A /* NDT7TestTests.swift */; };
		49D6938D226A5C7300B7277A /* NDT7TestTests.swift in Sources */ = {isa = PBXBuildFile; fileRef = 49D6938B226A5C7300B7277A /* NDT7TestTests.swift */; };
		49D6938E226A5C7300B7277A /* NDT7TestTests.swift in Sources */ = {isa = PBXBuildFile; fileRef = 49D6938B226A5C7300B7277A /* NDT7TestTests.swift */; };
		49D69390226A764100B7277A /* DebugConsoleLoggerTests.swift in Sources */ = {isa = PBXBuildFile; fileRef = 49D6938F226A764100B7277A /* DebugConsoleLoggerTests.swift */; };
		49D69391226A764100B7277A /* DebugConsoleLoggerTests.swift in Sources */ = {isa = PBXBuildFile; fileRef = 49D6938F226A764100B7277A /* DebugConsoleLoggerTests.swift */; };
		49D69392226A764100B7277A /* DebugConsoleLoggerTests.swift in Sources */ = {isa = PBXBuildFile; fileRef = 49D6938F226A764100B7277A /* DebugConsoleLoggerTests.swift */; };
		882CB29C228CC714001FEE29 /* Networking.swift in Sources */ = {isa = PBXBuildFile; fileRef = 882CB29B228CC714001FEE29 /* Networking.swift */; };
		882CB29D228CC714001FEE29 /* Networking.swift in Sources */ = {isa = PBXBuildFile; fileRef = 882CB29B228CC714001FEE29 /* Networking.swift */; };
		882CB29E228CC714001FEE29 /* Networking.swift in Sources */ = {isa = PBXBuildFile; fileRef = 882CB29B228CC714001FEE29 /* Networking.swift */; };
		882CB29F228CC714001FEE29 /* Networking.swift in Sources */ = {isa = PBXBuildFile; fileRef = 882CB29B228CC714001FEE29 /* Networking.swift */; };
		882CB2A1228DE278001FEE29 /* DataExtension.swift in Sources */ = {isa = PBXBuildFile; fileRef = 882CB2A0228DE278001FEE29 /* DataExtension.swift */; };
		882CB2A2228DE278001FEE29 /* DataExtension.swift in Sources */ = {isa = PBXBuildFile; fileRef = 882CB2A0228DE278001FEE29 /* DataExtension.swift */; };
		882CB2A3228DE278001FEE29 /* DataExtension.swift in Sources */ = {isa = PBXBuildFile; fileRef = 882CB2A0228DE278001FEE29 /* DataExtension.swift */; };
		882CB2A4228DE278001FEE29 /* DataExtension.swift in Sources */ = {isa = PBXBuildFile; fileRef = 882CB2A0228DE278001FEE29 /* DataExtension.swift */; };
		882CB2A6228DEBB0001FEE29 /* DataExtensionTests.swift in Sources */ = {isa = PBXBuildFile; fileRef = 882CB2A5228DEBB0001FEE29 /* DataExtensionTests.swift */; };
		882CB2A7228DEBB0001FEE29 /* DataExtensionTests.swift in Sources */ = {isa = PBXBuildFile; fileRef = 882CB2A5228DEBB0001FEE29 /* DataExtensionTests.swift */; };
		882CB2A8228DEBB0001FEE29 /* DataExtensionTests.swift in Sources */ = {isa = PBXBuildFile; fileRef = 882CB2A5228DEBB0001FEE29 /* DataExtensionTests.swift */; };
		882CB2AA228E25C9001FEE29 /* NetworkingTests.swift in Sources */ = {isa = PBXBuildFile; fileRef = 882CB2A9228E25C9001FEE29 /* NetworkingTests.swift */; };
		882CB2AB228E25C9001FEE29 /* NetworkingTests.swift in Sources */ = {isa = PBXBuildFile; fileRef = 882CB2A9228E25C9001FEE29 /* NetworkingTests.swift */; };
		882CB2AC228E25C9001FEE29 /* NetworkingTests.swift in Sources */ = {isa = PBXBuildFile; fileRef = 882CB2A9228E25C9001FEE29 /* NetworkingTests.swift */; };
		8830D19B225BCFF700FA109E /* LogNDT7.swift in Sources */ = {isa = PBXBuildFile; fileRef = 8830D19A225BCFF700FA109E /* LogNDT7.swift */; };
		8830D19C225BCFF700FA109E /* LogNDT7.swift in Sources */ = {isa = PBXBuildFile; fileRef = 8830D19A225BCFF700FA109E /* LogNDT7.swift */; };
		8830D19D225BCFF700FA109E /* LogNDT7.swift in Sources */ = {isa = PBXBuildFile; fileRef = 8830D19A225BCFF700FA109E /* LogNDT7.swift */; };
		8830D19E225BCFF700FA109E /* LogNDT7.swift in Sources */ = {isa = PBXBuildFile; fileRef = 8830D19A225BCFF700FA109E /* LogNDT7.swift */; };
		8830D1A2225BF60C00FA109E /* DebugConsoleLogger.swift in Sources */ = {isa = PBXBuildFile; fileRef = 8830D1A1225BF60C00FA109E /* DebugConsoleLogger.swift */; };
		8830D1A3225BF60C00FA109E /* DebugConsoleLogger.swift in Sources */ = {isa = PBXBuildFile; fileRef = 8830D1A1225BF60C00FA109E /* DebugConsoleLogger.swift */; };
		8830D1A4225BF60C00FA109E /* DebugConsoleLogger.swift in Sources */ = {isa = PBXBuildFile; fileRef = 8830D1A1225BF60C00FA109E /* DebugConsoleLogger.swift */; };
		8830D1A5225BF60C00FA109E /* DebugConsoleLogger.swift in Sources */ = {isa = PBXBuildFile; fileRef = 8830D1A1225BF60C00FA109E /* DebugConsoleLogger.swift */; };
		8830D1AA225C00E600FA109E /* DateExtension.swift in Sources */ = {isa = PBXBuildFile; fileRef = 8830D1A9225C00E600FA109E /* DateExtension.swift */; };
		8830D1AB225C00E600FA109E /* DateExtension.swift in Sources */ = {isa = PBXBuildFile; fileRef = 8830D1A9225C00E600FA109E /* DateExtension.swift */; };
		8830D1AC225C00E600FA109E /* DateExtension.swift in Sources */ = {isa = PBXBuildFile; fileRef = 8830D1A9225C00E600FA109E /* DateExtension.swift */; };
		8830D1AD225C00E600FA109E /* DateExtension.swift in Sources */ = {isa = PBXBuildFile; fileRef = 8830D1A9225C00E600FA109E /* DateExtension.swift */; };
		887EB12C225D18F5006EB7E7 /* SystemConsoleLogger.swift in Sources */ = {isa = PBXBuildFile; fileRef = 887EB12B225D18F5006EB7E7 /* SystemConsoleLogger.swift */; };
		887EB12D225D18F5006EB7E7 /* SystemConsoleLogger.swift in Sources */ = {isa = PBXBuildFile; fileRef = 887EB12B225D18F5006EB7E7 /* SystemConsoleLogger.swift */; };
		887EB12E225D18F5006EB7E7 /* SystemConsoleLogger.swift in Sources */ = {isa = PBXBuildFile; fileRef = 887EB12B225D18F5006EB7E7 /* SystemConsoleLogger.swift */; };
		887EB12F225D18F5006EB7E7 /* SystemConsoleLogger.swift in Sources */ = {isa = PBXBuildFile; fileRef = 887EB12B225D18F5006EB7E7 /* SystemConsoleLogger.swift */; };
		887EB132225D5048006EB7E7 /* Queue.swift in Sources */ = {isa = PBXBuildFile; fileRef = 887EB131225D5048006EB7E7 /* Queue.swift */; };
		887EB133225D5048006EB7E7 /* Queue.swift in Sources */ = {isa = PBXBuildFile; fileRef = 887EB131225D5048006EB7E7 /* Queue.swift */; };
		887EB134225D5048006EB7E7 /* Queue.swift in Sources */ = {isa = PBXBuildFile; fileRef = 887EB131225D5048006EB7E7 /* Queue.swift */; };
		887EB135225D5048006EB7E7 /* Queue.swift in Sources */ = {isa = PBXBuildFile; fileRef = 887EB131225D5048006EB7E7 /* Queue.swift */; };
		887EB13C225E8669006EB7E7 /* FileLogger.swift in Sources */ = {isa = PBXBuildFile; fileRef = 887EB13B225E8669006EB7E7 /* FileLogger.swift */; };
		887EB13D225E8669006EB7E7 /* FileLogger.swift in Sources */ = {isa = PBXBuildFile; fileRef = 887EB13B225E8669006EB7E7 /* FileLogger.swift */; };
		887EB13E225E8669006EB7E7 /* FileLogger.swift in Sources */ = {isa = PBXBuildFile; fileRef = 887EB13B225E8669006EB7E7 /* FileLogger.swift */; };
		887EB13F225E8669006EB7E7 /* FileLogger.swift in Sources */ = {isa = PBXBuildFile; fileRef = 887EB13B225E8669006EB7E7 /* FileLogger.swift */; };
		887EB14D22653BEF006EB7E7 /* WebSocket.swift in Sources */ = {isa = PBXBuildFile; fileRef = 887EB14C22653BEE006EB7E7 /* WebSocket.swift */; };
		887EB14E22653BEF006EB7E7 /* WebSocket.swift in Sources */ = {isa = PBXBuildFile; fileRef = 887EB14C22653BEE006EB7E7 /* WebSocket.swift */; };
		887EB14F22653BEF006EB7E7 /* WebSocket.swift in Sources */ = {isa = PBXBuildFile; fileRef = 887EB14C22653BEE006EB7E7 /* WebSocket.swift */; };
		887EB15022653BEF006EB7E7 /* WebSocket.swift in Sources */ = {isa = PBXBuildFile; fileRef = 887EB14C22653BEE006EB7E7 /* WebSocket.swift */; };
		887EB15722654535006EB7E7 /* WebSocketWrapper.swift in Sources */ = {isa = PBXBuildFile; fileRef = 887EB15622654535006EB7E7 /* WebSocketWrapper.swift */; };
		887EB15822654535006EB7E7 /* WebSocketWrapper.swift in Sources */ = {isa = PBXBuildFile; fileRef = 887EB15622654535006EB7E7 /* WebSocketWrapper.swift */; };
		887EB15922654535006EB7E7 /* WebSocketWrapper.swift in Sources */ = {isa = PBXBuildFile; fileRef = 887EB15622654535006EB7E7 /* WebSocketWrapper.swift */; };
		887EB15A22654535006EB7E7 /* WebSocketWrapper.swift in Sources */ = {isa = PBXBuildFile; fileRef = 887EB15622654535006EB7E7 /* WebSocketWrapper.swift */; };
		887EB15D226680DD006EB7E7 /* NDT7Test.swift in Sources */ = {isa = PBXBuildFile; fileRef = 887EB15C226680DD006EB7E7 /* NDT7Test.swift */; };
		887EB15E226680DD006EB7E7 /* NDT7Test.swift in Sources */ = {isa = PBXBuildFile; fileRef = 887EB15C226680DD006EB7E7 /* NDT7Test.swift */; };
		887EB15F226680DD006EB7E7 /* NDT7Test.swift in Sources */ = {isa = PBXBuildFile; fileRef = 887EB15C226680DD006EB7E7 /* NDT7Test.swift */; };
		887EB160226680DD006EB7E7 /* NDT7Test.swift in Sources */ = {isa = PBXBuildFile; fileRef = 887EB15C226680DD006EB7E7 /* NDT7Test.swift */; };
		887EB16222669EAB006EB7E7 /* WeakRef.swift in Sources */ = {isa = PBXBuildFile; fileRef = 887EB16122669EAB006EB7E7 /* WeakRef.swift */; };
		887EB16322669EAB006EB7E7 /* WeakRef.swift in Sources */ = {isa = PBXBuildFile; fileRef = 887EB16122669EAB006EB7E7 /* WeakRef.swift */; };
		887EB16422669EAB006EB7E7 /* WeakRef.swift in Sources */ = {isa = PBXBuildFile; fileRef = 887EB16122669EAB006EB7E7 /* WeakRef.swift */; };
		887EB16522669EAB006EB7E7 /* WeakRef.swift in Sources */ = {isa = PBXBuildFile; fileRef = 887EB16122669EAB006EB7E7 /* WeakRef.swift */; };
		887EB1672267DCBA006EB7E7 /* NDT7Measurement.swift in Sources */ = {isa = PBXBuildFile; fileRef = 887EB1662267DCBA006EB7E7 /* NDT7Measurement.swift */; };
		887EB1682267DCBA006EB7E7 /* NDT7Measurement.swift in Sources */ = {isa = PBXBuildFile; fileRef = 887EB1662267DCBA006EB7E7 /* NDT7Measurement.swift */; };
		887EB1692267DCBA006EB7E7 /* NDT7Measurement.swift in Sources */ = {isa = PBXBuildFile; fileRef = 887EB1662267DCBA006EB7E7 /* NDT7Measurement.swift */; };
		887EB16A2267DCBA006EB7E7 /* NDT7Measurement.swift in Sources */ = {isa = PBXBuildFile; fileRef = 887EB1662267DCBA006EB7E7 /* NDT7Measurement.swift */; };
		8891D9672268DB6A000BF913 /* NDT7Settings.swift in Sources */ = {isa = PBXBuildFile; fileRef = 8891D9662268DB6A000BF913 /* NDT7Settings.swift */; };
		8891D9682268DB6A000BF913 /* NDT7Settings.swift in Sources */ = {isa = PBXBuildFile; fileRef = 8891D9662268DB6A000BF913 /* NDT7Settings.swift */; };
		8891D9692268DB6A000BF913 /* NDT7Settings.swift in Sources */ = {isa = PBXBuildFile; fileRef = 8891D9662268DB6A000BF913 /* NDT7Settings.swift */; };
		8891D96A2268DB6A000BF913 /* NDT7Settings.swift in Sources */ = {isa = PBXBuildFile; fileRef = 8891D9662268DB6A000BF913 /* NDT7Settings.swift */; };
		88D408F9226F7C09002D889D /* ConstantsTests.swift in Sources */ = {isa = PBXBuildFile; fileRef = 88D408F8226F7C09002D889D /* ConstantsTests.swift */; };
		88D408FA226F7C09002D889D /* ConstantsTests.swift in Sources */ = {isa = PBXBuildFile; fileRef = 88D408F8226F7C09002D889D /* ConstantsTests.swift */; };
		88D408FB226F7C09002D889D /* ConstantsTests.swift in Sources */ = {isa = PBXBuildFile; fileRef = 88D408F8226F7C09002D889D /* ConstantsTests.swift */; };
		88E34DA2226E720900067D4F /* Constants.swift in Sources */ = {isa = PBXBuildFile; fileRef = 88E34DA1226E720900067D4F /* Constants.swift */; };
		88E34DA3226E720900067D4F /* Constants.swift in Sources */ = {isa = PBXBuildFile; fileRef = 88E34DA1226E720900067D4F /* Constants.swift */; };
		88E34DA4226E720900067D4F /* Constants.swift in Sources */ = {isa = PBXBuildFile; fileRef = 88E34DA1226E720900067D4F /* Constants.swift */; };
		88E34DA5226E720900067D4F /* Constants.swift in Sources */ = {isa = PBXBuildFile; fileRef = 88E34DA1226E720900067D4F /* Constants.swift */; };
		9CD7B7FE254B1502004E9A7D /* Asurion-Private-NDT7.podspec in Resources */ = {isa = PBXBuildFile; fileRef = 9CD7B7FD254B1502004E9A7D /* Asurion-Private-NDT7.podspec */; };
/* End PBXBuildFile section */

/* Begin PBXContainerItemProxy section */
		49BE5B87224EAA3900DB7BDF /* PBXContainerItemProxy */ = {
			isa = PBXContainerItemProxy;
			containerPortal = 49BE5B73224EAA3900DB7BDF /* Project object */;
			proxyType = 1;
			remoteGlobalIDString = 49BE5B7B224EAA3900DB7BDF;
			remoteInfo = NDT7;
		};
		49BE5BD1224EC1A300DB7BDF /* PBXContainerItemProxy */ = {
			isa = PBXContainerItemProxy;
			containerPortal = 49BE5B73224EAA3900DB7BDF /* Project object */;
			proxyType = 1;
			remoteGlobalIDString = 49BE5B9D224EB9D000DB7BDF;
			remoteInfo = "NDT7 macOS";
		};
		49BE5BD3224EC1B800DB7BDF /* PBXContainerItemProxy */ = {
			isa = PBXContainerItemProxy;
			containerPortal = 49BE5B73224EAA3900DB7BDF /* Project object */;
			proxyType = 1;
			remoteGlobalIDString = 49BE5BB7224EBA1E00DB7BDF;
			remoteInfo = "NDT7 tvOS";
		};
/* End PBXContainerItemProxy section */

/* Begin PBXFileReference section */
		4953B8B92257D19000C3F002 /* Package.swift */ = {isa = PBXFileReference; lastKnownFileType = sourcecode.swift; path = Package.swift; sourceTree = "<group>"; };
		4953B8BA2257D30500C3F002 /* NDT7.podspec */ = {isa = PBXFileReference; fileEncoding = 4; lastKnownFileType = text; path = NDT7.podspec; sourceTree = "<group>"; };
		496107F8225EB04B00678DF8 /* LogNDT7Tests.swift */ = {isa = PBXFileReference; lastKnownFileType = sourcecode.swift; path = LogNDT7Tests.swift; sourceTree = "<group>"; };
		49610800225EB0B700678DF8 /* SystemConsoleLoggerTests.swift */ = {isa = PBXFileReference; lastKnownFileType = sourcecode.swift; path = SystemConsoleLoggerTests.swift; sourceTree = "<group>"; };
		49610804225EB0D600678DF8 /* FileLoggerTests.swift */ = {isa = PBXFileReference; lastKnownFileType = sourcecode.swift; path = FileLoggerTests.swift; sourceTree = "<group>"; };
		4961080A225EB17800678DF8 /* QueueTests.swift */ = {isa = PBXFileReference; lastKnownFileType = sourcecode.swift; path = QueueTests.swift; sourceTree = "<group>"; };
		4961080E225EB18800678DF8 /* DateExtensionTests.swift */ = {isa = PBXFileReference; lastKnownFileType = sourcecode.swift; path = DateExtensionTests.swift; sourceTree = "<group>"; };
		49BE5B7C224EAA3900DB7BDF /* NDT7.framework */ = {isa = PBXFileReference; explicitFileType = wrapper.framework; includeInIndex = 0; path = NDT7.framework; sourceTree = BUILT_PRODUCTS_DIR; };
		49BE5B7F224EAA3900DB7BDF /* NDT7.h */ = {isa = PBXFileReference; lastKnownFileType = sourcecode.c.h; path = NDT7.h; sourceTree = "<group>"; };
		49BE5B80224EAA3900DB7BDF /* Info.plist */ = {isa = PBXFileReference; lastKnownFileType = text.plist.xml; path = Info.plist; sourceTree = "<group>"; };
		49BE5B85224EAA3900DB7BDF /* NDT7 iOS Tests.xctest */ = {isa = PBXFileReference; explicitFileType = wrapper.cfbundle; includeInIndex = 0; path = "NDT7 iOS Tests.xctest"; sourceTree = BUILT_PRODUCTS_DIR; };
		49BE5B8A224EAA3900DB7BDF /* NDT7Tests.swift */ = {isa = PBXFileReference; lastKnownFileType = sourcecode.swift; path = NDT7Tests.swift; sourceTree = "<group>"; };
		49BE5B8C224EAA3900DB7BDF /* Info.plist */ = {isa = PBXFileReference; lastKnownFileType = text.plist.xml; path = Info.plist; sourceTree = "<group>"; };
		49BE5B97224EAB5200DB7BDF /* AUTHORS */ = {isa = PBXFileReference; fileEncoding = 4; lastKnownFileType = text; path = AUTHORS; sourceTree = "<group>"; };
		49BE5B99224EAB5C00DB7BDF /* README.md */ = {isa = PBXFileReference; fileEncoding = 4; lastKnownFileType = net.daringfireball.markdown; path = README.md; sourceTree = "<group>"; };
		49BE5B9B224EAB7300DB7BDF /* LICENSE */ = {isa = PBXFileReference; fileEncoding = 4; lastKnownFileType = text; path = LICENSE; sourceTree = "<group>"; };
		49BE5BA9224EB9D000DB7BDF /* NDT7.framework */ = {isa = PBXFileReference; explicitFileType = wrapper.framework; includeInIndex = 0; path = NDT7.framework; sourceTree = BUILT_PRODUCTS_DIR; };
		49BE5BB6224EB9D400DB7BDF /* NDT7 macOS Tests.xctest */ = {isa = PBXFileReference; explicitFileType = wrapper.cfbundle; includeInIndex = 0; path = "NDT7 macOS Tests.xctest"; sourceTree = BUILT_PRODUCTS_DIR; };
		49BE5BC3224EBA1E00DB7BDF /* NDT7.framework */ = {isa = PBXFileReference; explicitFileType = wrapper.framework; includeInIndex = 0; path = NDT7.framework; sourceTree = BUILT_PRODUCTS_DIR; };
		49BE5BD0224EBA2200DB7BDF /* NDT7 tvOS Tests.xctest */ = {isa = PBXFileReference; explicitFileType = wrapper.cfbundle; includeInIndex = 0; path = "NDT7 tvOS Tests.xctest"; sourceTree = BUILT_PRODUCTS_DIR; };
		49BE5BD9224ECD7700DB7BDF /* NDT7.swift */ = {isa = PBXFileReference; lastKnownFileType = sourcecode.swift; path = NDT7.swift; sourceTree = "<group>"; };
		49C52FFF224ED19600592C4C /* NDT7.framework */ = {isa = PBXFileReference; explicitFileType = wrapper.framework; includeInIndex = 0; path = NDT7.framework; sourceTree = BUILT_PRODUCTS_DIR; };
		49D6937F226A5A8600B7277A /* WeakRefTests.swift */ = {isa = PBXFileReference; lastKnownFileType = sourcecode.swift; path = WeakRefTests.swift; sourceTree = "<group>"; };
		49D69383226A5C1E00B7277A /* NDT7SettingsTests.swift */ = {isa = PBXFileReference; lastKnownFileType = sourcecode.swift; path = NDT7SettingsTests.swift; sourceTree = "<group>"; };
		49D69387226A5C2F00B7277A /* NDT7MeasurementTests.swift */ = {isa = PBXFileReference; lastKnownFileType = sourcecode.swift; path = NDT7MeasurementTests.swift; sourceTree = "<group>"; };
		49D6938B226A5C7300B7277A /* NDT7TestTests.swift */ = {isa = PBXFileReference; lastKnownFileType = sourcecode.swift; path = NDT7TestTests.swift; sourceTree = "<group>"; };
		49D6938F226A764100B7277A /* DebugConsoleLoggerTests.swift */ = {isa = PBXFileReference; lastKnownFileType = sourcecode.swift; path = DebugConsoleLoggerTests.swift; sourceTree = "<group>"; };
		882CB29B228CC714001FEE29 /* Networking.swift */ = {isa = PBXFileReference; lastKnownFileType = sourcecode.swift; path = Networking.swift; sourceTree = "<group>"; };
		882CB2A0228DE278001FEE29 /* DataExtension.swift */ = {isa = PBXFileReference; lastKnownFileType = sourcecode.swift; path = DataExtension.swift; sourceTree = "<group>"; };
		882CB2A5228DEBB0001FEE29 /* DataExtensionTests.swift */ = {isa = PBXFileReference; lastKnownFileType = sourcecode.swift; path = DataExtensionTests.swift; sourceTree = "<group>"; };
		882CB2A9228E25C9001FEE29 /* NetworkingTests.swift */ = {isa = PBXFileReference; lastKnownFileType = sourcecode.swift; path = NetworkingTests.swift; sourceTree = "<group>"; };
		8830D19A225BCFF700FA109E /* LogNDT7.swift */ = {isa = PBXFileReference; lastKnownFileType = sourcecode.swift; path = LogNDT7.swift; sourceTree = "<group>"; };
		8830D1A1225BF60C00FA109E /* DebugConsoleLogger.swift */ = {isa = PBXFileReference; lastKnownFileType = sourcecode.swift; path = DebugConsoleLogger.swift; sourceTree = "<group>"; };
		8830D1A9225C00E600FA109E /* DateExtension.swift */ = {isa = PBXFileReference; lastKnownFileType = sourcecode.swift; path = DateExtension.swift; sourceTree = "<group>"; };
		887EB12B225D18F5006EB7E7 /* SystemConsoleLogger.swift */ = {isa = PBXFileReference; lastKnownFileType = sourcecode.swift; path = SystemConsoleLogger.swift; sourceTree = "<group>"; };
		887EB131225D5048006EB7E7 /* Queue.swift */ = {isa = PBXFileReference; lastKnownFileType = sourcecode.swift; path = Queue.swift; sourceTree = "<group>"; };
		887EB13B225E8669006EB7E7 /* FileLogger.swift */ = {isa = PBXFileReference; lastKnownFileType = sourcecode.swift; path = FileLogger.swift; sourceTree = "<group>"; };
		887EB14C22653BEE006EB7E7 /* WebSocket.swift */ = {isa = PBXFileReference; fileEncoding = 4; lastKnownFileType = sourcecode.swift; path = WebSocket.swift; sourceTree = "<group>"; };
		887EB15622654535006EB7E7 /* WebSocketWrapper.swift */ = {isa = PBXFileReference; lastKnownFileType = sourcecode.swift; path = WebSocketWrapper.swift; sourceTree = "<group>"; };
		887EB15C226680DD006EB7E7 /* NDT7Test.swift */ = {isa = PBXFileReference; lastKnownFileType = sourcecode.swift; path = NDT7Test.swift; sourceTree = "<group>"; };
		887EB16122669EAB006EB7E7 /* WeakRef.swift */ = {isa = PBXFileReference; lastKnownFileType = sourcecode.swift; path = WeakRef.swift; sourceTree = "<group>"; };
		887EB1662267DCBA006EB7E7 /* NDT7Measurement.swift */ = {isa = PBXFileReference; lastKnownFileType = sourcecode.swift; path = NDT7Measurement.swift; sourceTree = "<group>"; };
		8891D9662268DB6A000BF913 /* NDT7Settings.swift */ = {isa = PBXFileReference; lastKnownFileType = sourcecode.swift; path = NDT7Settings.swift; sourceTree = "<group>"; };
		88D408F8226F7C09002D889D /* ConstantsTests.swift */ = {isa = PBXFileReference; lastKnownFileType = sourcecode.swift; path = ConstantsTests.swift; sourceTree = "<group>"; };
		88E34DA1226E720900067D4F /* Constants.swift */ = {isa = PBXFileReference; lastKnownFileType = sourcecode.swift; path = Constants.swift; sourceTree = "<group>"; };
		9CD7B7FD254B1502004E9A7D /* Asurion-Private-NDT7.podspec */ = {isa = PBXFileReference; lastKnownFileType = text; path = "Asurion-Private-NDT7.podspec"; sourceTree = "<group>"; };
/* End PBXFileReference section */

/* Begin PBXFrameworksBuildPhase section */
		49BE5B79224EAA3900DB7BDF /* Frameworks */ = {
			isa = PBXFrameworksBuildPhase;
			buildActionMask = 2147483647;
			files = (
			);
			runOnlyForDeploymentPostprocessing = 0;
		};
		49BE5B82224EAA3900DB7BDF /* Frameworks */ = {
			isa = PBXFrameworksBuildPhase;
			buildActionMask = 2147483647;
			files = (
				49BE5B86224EAA3900DB7BDF /* NDT7.framework in Frameworks */,
			);
			runOnlyForDeploymentPostprocessing = 0;
		};
		49BE5BA1224EB9D000DB7BDF /* Frameworks */ = {
			isa = PBXFrameworksBuildPhase;
			buildActionMask = 2147483647;
			files = (
			);
			runOnlyForDeploymentPostprocessing = 0;
		};
		49BE5BB0224EB9D400DB7BDF /* Frameworks */ = {
			isa = PBXFrameworksBuildPhase;
			buildActionMask = 2147483647;
			files = (
				4953B8B82257B24C00C3F002 /* NDT7.framework in Frameworks */,
			);
			runOnlyForDeploymentPostprocessing = 0;
		};
		49BE5BBB224EBA1E00DB7BDF /* Frameworks */ = {
			isa = PBXFrameworksBuildPhase;
			buildActionMask = 2147483647;
			files = (
			);
			runOnlyForDeploymentPostprocessing = 0;
		};
		49BE5BCA224EBA2200DB7BDF /* Frameworks */ = {
			isa = PBXFrameworksBuildPhase;
			buildActionMask = 2147483647;
			files = (
				49BE5BD6224EC1D900DB7BDF /* NDT7.framework in Frameworks */,
			);
			runOnlyForDeploymentPostprocessing = 0;
		};
		49C52FF7224ED19600592C4C /* Frameworks */ = {
			isa = PBXFrameworksBuildPhase;
			buildActionMask = 2147483647;
			files = (
			);
			runOnlyForDeploymentPostprocessing = 0;
		};
/* End PBXFrameworksBuildPhase section */

/* Begin PBXGroup section */
		496107F6225EB02800678DF8 /* Log */ = {
			isa = PBXGroup;
			children = (
				496107F8225EB04B00678DF8 /* LogNDT7Tests.swift */,
				496107F7225EB02E00678DF8 /* Loggers */,
			);
			name = Log;
			sourceTree = "<group>";
		};
		496107F7225EB02E00678DF8 /* Loggers */ = {
			isa = PBXGroup;
			children = (
				49D6938F226A764100B7277A /* DebugConsoleLoggerTests.swift */,
				49610800225EB0B700678DF8 /* SystemConsoleLoggerTests.swift */,
				49610804225EB0D600678DF8 /* FileLoggerTests.swift */,
			);
			name = Loggers;
			sourceTree = "<group>";
		};
		49610808225EB15700678DF8 /* Utilities */ = {
			isa = PBXGroup;
			children = (
				4961080A225EB17800678DF8 /* QueueTests.swift */,
				49D6937F226A5A8600B7277A /* WeakRefTests.swift */,
				88D408F8226F7C09002D889D /* ConstantsTests.swift */,
				882CB2A9228E25C9001FEE29 /* NetworkingTests.swift */,
			);
			name = Utilities;
			sourceTree = "<group>";
		};
		49610809225EB15D00678DF8 /* Extensions */ = {
			isa = PBXGroup;
			children = (
				4961080E225EB18800678DF8 /* DateExtensionTests.swift */,
				882CB2A5228DEBB0001FEE29 /* DataExtensionTests.swift */,
			);
			name = Extensions;
			sourceTree = "<group>";
		};
		49BE5B72224EAA3900DB7BDF = {
			isa = PBXGroup;
			children = (
				9CD7B7FD254B1502004E9A7D /* Asurion-Private-NDT7.podspec */,
				49BE5BD8224EC8F100DB7BDF /* Deployment */,
				49BE5B96224EAB1A00DB7BDF /* Documentation */,
				49BE5B7E224EAA3900DB7BDF /* Sources */,
				49BE5B89224EAA3900DB7BDF /* Tests */,
				49BE5B7D224EAA3900DB7BDF /* Products */,
				49BE5BD5224EC1D900DB7BDF /* Frameworks */,
			);
			sourceTree = "<group>";
		};
		49BE5B7D224EAA3900DB7BDF /* Products */ = {
			isa = PBXGroup;
			children = (
				49BE5B7C224EAA3900DB7BDF /* NDT7.framework */,
				49BE5B85224EAA3900DB7BDF /* NDT7 iOS Tests.xctest */,
				49BE5BA9224EB9D000DB7BDF /* NDT7.framework */,
				49BE5BB6224EB9D400DB7BDF /* NDT7 macOS Tests.xctest */,
				49BE5BC3224EBA1E00DB7BDF /* NDT7.framework */,
				49BE5BD0224EBA2200DB7BDF /* NDT7 tvOS Tests.xctest */,
				49C52FFF224ED19600592C4C /* NDT7.framework */,
			);
			name = Products;
			sourceTree = "<group>";
		};
		49BE5B7E224EAA3900DB7BDF /* Sources */ = {
			isa = PBXGroup;
			children = (
				49BE5BD9224ECD7700DB7BDF /* NDT7.swift */,
				887EB15B226550FE006EB7E7 /* NDT7 */,
				8830D1A8225C006900FA109E /* Extensions */,
				887EB130225D5035006EB7E7 /* Utilities */,
				8830D19F225BD00E00FA109E /* Log */,
				49BE5BDB224ECD9200DB7BDF /* Supporting Files */,
				887EB14A22653812006EB7E7 /* Lib */,
			);
			path = Sources;
			sourceTree = "<group>";
		};
		49BE5B89224EAA3900DB7BDF /* Tests */ = {
			isa = PBXGroup;
			children = (
				49BE5B8A224EAA3900DB7BDF /* NDT7Tests.swift */,
				887EB16B2267DF5D006EB7E7 /* NDT7 */,
				49610809225EB15D00678DF8 /* Extensions */,
				49610808225EB15700678DF8 /* Utilities */,
				496107F6225EB02800678DF8 /* Log */,
				49BE5B8C224EAA3900DB7BDF /* Info.plist */,
			);
			path = Tests;
			sourceTree = "<group>";
		};
		49BE5B96224EAB1A00DB7BDF /* Documentation */ = {
			isa = PBXGroup;
			children = (
				49BE5B99224EAB5C00DB7BDF /* README.md */,
				49BE5B97224EAB5200DB7BDF /* AUTHORS */,
			);
			name = Documentation;
			sourceTree = "<group>";
		};
		49BE5BD5224EC1D900DB7BDF /* Frameworks */ = {
			isa = PBXGroup;
			children = (
			);
			name = Frameworks;
			sourceTree = "<group>";
		};
		49BE5BD8224EC8F100DB7BDF /* Deployment */ = {
			isa = PBXGroup;
			children = (
				49BE5B9B224EAB7300DB7BDF /* LICENSE */,
				4953B8BA2257D30500C3F002 /* NDT7.podspec */,
				4953B8B92257D19000C3F002 /* Package.swift */,
			);
			name = Deployment;
			sourceTree = "<group>";
		};
		49BE5BDB224ECD9200DB7BDF /* Supporting Files */ = {
			isa = PBXGroup;
			children = (
				49BE5B7F224EAA3900DB7BDF /* NDT7.h */,
				49BE5B80224EAA3900DB7BDF /* Info.plist */,
			);
			name = "Supporting Files";
			sourceTree = "<group>";
		};
		8830D19F225BD00E00FA109E /* Log */ = {
			isa = PBXGroup;
			children = (
				8830D19A225BCFF700FA109E /* LogNDT7.swift */,
				8830D1A0225BEFFB00FA109E /* Loggers */,
			);
			name = Log;
			sourceTree = "<group>";
		};
		8830D1A0225BEFFB00FA109E /* Loggers */ = {
			isa = PBXGroup;
			children = (
				8830D1A1225BF60C00FA109E /* DebugConsoleLogger.swift */,
				887EB12B225D18F5006EB7E7 /* SystemConsoleLogger.swift */,
				887EB13B225E8669006EB7E7 /* FileLogger.swift */,
			);
			name = Loggers;
			sourceTree = "<group>";
		};
		8830D1A8225C006900FA109E /* Extensions */ = {
			isa = PBXGroup;
			children = (
				8830D1A9225C00E600FA109E /* DateExtension.swift */,
				882CB2A0228DE278001FEE29 /* DataExtension.swift */,
			);
			name = Extensions;
			sourceTree = "<group>";
		};
		887EB130225D5035006EB7E7 /* Utilities */ = {
			isa = PBXGroup;
			children = (
				88E34DA1226E720900067D4F /* Constants.swift */,
				887EB131225D5048006EB7E7 /* Queue.swift */,
				887EB16122669EAB006EB7E7 /* WeakRef.swift */,
				882CB29B228CC714001FEE29 /* Networking.swift */,
			);
			name = Utilities;
			sourceTree = "<group>";
		};
		887EB14A22653812006EB7E7 /* Lib */ = {
			isa = PBXGroup;
			children = (
				887EB14B22653BDE006EB7E7 /* WebSocket */,
			);
			name = Lib;
			sourceTree = "<group>";
		};
		887EB14B22653BDE006EB7E7 /* WebSocket */ = {
			isa = PBXGroup;
			children = (
				887EB15622654535006EB7E7 /* WebSocketWrapper.swift */,
				887EB14C22653BEE006EB7E7 /* WebSocket.swift */,
			);
			name = WebSocket;
			sourceTree = "<group>";
		};
		887EB15B226550FE006EB7E7 /* NDT7 */ = {
			isa = PBXGroup;
			children = (
				8891D9662268DB6A000BF913 /* NDT7Settings.swift */,
				887EB1662267DCBA006EB7E7 /* NDT7Measurement.swift */,
				887EB15C226680DD006EB7E7 /* NDT7Test.swift */,
			);
			name = NDT7;
			sourceTree = "<group>";
		};
		887EB16B2267DF5D006EB7E7 /* NDT7 */ = {
			isa = PBXGroup;
			children = (
				49D69383226A5C1E00B7277A /* NDT7SettingsTests.swift */,
				49D69387226A5C2F00B7277A /* NDT7MeasurementTests.swift */,
				49D6938B226A5C7300B7277A /* NDT7TestTests.swift */,
			);
			name = NDT7;
			sourceTree = "<group>";
		};
/* End PBXGroup section */

/* Begin PBXHeadersBuildPhase section */
		49BE5B77224EAA3900DB7BDF /* Headers */ = {
			isa = PBXHeadersBuildPhase;
			buildActionMask = 2147483647;
			files = (
				49BE5B8D224EAA3900DB7BDF /* NDT7.h in Headers */,
			);
			runOnlyForDeploymentPostprocessing = 0;
		};
		49BE5B9E224EB9D000DB7BDF /* Headers */ = {
			isa = PBXHeadersBuildPhase;
			buildActionMask = 2147483647;
			files = (
				49BE5B9F224EB9D000DB7BDF /* NDT7.h in Headers */,
			);
			runOnlyForDeploymentPostprocessing = 0;
		};
		49BE5BB8224EBA1E00DB7BDF /* Headers */ = {
			isa = PBXHeadersBuildPhase;
			buildActionMask = 2147483647;
			files = (
				49BE5BB9224EBA1E00DB7BDF /* NDT7.h in Headers */,
			);
			runOnlyForDeploymentPostprocessing = 0;
		};
		49C52FF3224ED19600592C4C /* Headers */ = {
			isa = PBXHeadersBuildPhase;
			buildActionMask = 2147483647;
			files = (
				49C52FF4224ED19600592C4C /* NDT7.h in Headers */,
			);
			runOnlyForDeploymentPostprocessing = 0;
		};
/* End PBXHeadersBuildPhase section */

/* Begin PBXNativeTarget section */
		49BE5B7B224EAA3900DB7BDF /* NDT7 iOS */ = {
			isa = PBXNativeTarget;
			buildConfigurationList = 49BE5B90224EAA3900DB7BDF /* Build configuration list for PBXNativeTarget "NDT7 iOS" */;
			buildPhases = (
				49BE5B77224EAA3900DB7BDF /* Headers */,
				49BE5B78224EAA3900DB7BDF /* Sources */,
				49BE5B79224EAA3900DB7BDF /* Frameworks */,
				49BE5B7A224EAA3900DB7BDF /* Resources */,
				887EB1452264EEA5006EB7E7 /* Swiftlint */,
			);
			buildRules = (
			);
			dependencies = (
			);
			name = "NDT7 iOS";
			productName = NDT7;
			productReference = 49BE5B7C224EAA3900DB7BDF /* NDT7.framework */;
			productType = "com.apple.product-type.framework";
		};
		49BE5B84224EAA3900DB7BDF /* NDT7 iOS Tests */ = {
			isa = PBXNativeTarget;
			buildConfigurationList = 49BE5B93224EAA3900DB7BDF /* Build configuration list for PBXNativeTarget "NDT7 iOS Tests" */;
			buildPhases = (
				49BE5B81224EAA3900DB7BDF /* Sources */,
				49BE5B82224EAA3900DB7BDF /* Frameworks */,
				49BE5B83224EAA3900DB7BDF /* Resources */,
			);
			buildRules = (
			);
			dependencies = (
				49BE5B88224EAA3900DB7BDF /* PBXTargetDependency */,
			);
			name = "NDT7 iOS Tests";
			productName = NDT7Tests;
			productReference = 49BE5B85224EAA3900DB7BDF /* NDT7 iOS Tests.xctest */;
			productType = "com.apple.product-type.bundle.unit-test";
		};
		49BE5B9D224EB9D000DB7BDF /* NDT7 macOS */ = {
			isa = PBXNativeTarget;
			buildConfigurationList = 49BE5BA6224EB9D000DB7BDF /* Build configuration list for PBXNativeTarget "NDT7 macOS" */;
			buildPhases = (
				49BE5B9E224EB9D000DB7BDF /* Headers */,
				49BE5BA0224EB9D000DB7BDF /* Sources */,
				49BE5BA1224EB9D000DB7BDF /* Frameworks */,
				49BE5BA2224EB9D000DB7BDF /* Resources */,
				887EB1462264EEFA006EB7E7 /* Swiftlint */,
			);
			buildRules = (
			);
			dependencies = (
			);
			name = "NDT7 macOS";
			productName = NDT7;
			productReference = 49BE5BA9224EB9D000DB7BDF /* NDT7.framework */;
			productType = "com.apple.product-type.framework";
		};
		49BE5BAB224EB9D400DB7BDF /* NDT7 macOS Tests */ = {
			isa = PBXNativeTarget;
			buildConfigurationList = 49BE5BB3224EB9D400DB7BDF /* Build configuration list for PBXNativeTarget "NDT7 macOS Tests" */;
			buildPhases = (
				49BE5BAE224EB9D400DB7BDF /* Sources */,
				49BE5BB0224EB9D400DB7BDF /* Frameworks */,
				49BE5BB2224EB9D400DB7BDF /* Resources */,
			);
			buildRules = (
			);
			dependencies = (
				49BE5BD2224EC1A300DB7BDF /* PBXTargetDependency */,
			);
			name = "NDT7 macOS Tests";
			productName = NDT7Tests;
			productReference = 49BE5BB6224EB9D400DB7BDF /* NDT7 macOS Tests.xctest */;
			productType = "com.apple.product-type.bundle.unit-test";
		};
		49BE5BB7224EBA1E00DB7BDF /* NDT7 tvOS */ = {
			isa = PBXNativeTarget;
			buildConfigurationList = 49BE5BC0224EBA1E00DB7BDF /* Build configuration list for PBXNativeTarget "NDT7 tvOS" */;
			buildPhases = (
				49BE5BB8224EBA1E00DB7BDF /* Headers */,
				49BE5BBA224EBA1E00DB7BDF /* Sources */,
				49BE5BBB224EBA1E00DB7BDF /* Frameworks */,
				49BE5BBC224EBA1E00DB7BDF /* Resources */,
				887EB1472264EF12006EB7E7 /* Swiftlint */,
			);
			buildRules = (
			);
			dependencies = (
			);
			name = "NDT7 tvOS";
			productName = NDT7;
			productReference = 49BE5BC3224EBA1E00DB7BDF /* NDT7.framework */;
			productType = "com.apple.product-type.framework";
		};
		49BE5BC5224EBA2200DB7BDF /* NDT7 tvOS Tests */ = {
			isa = PBXNativeTarget;
			buildConfigurationList = 49BE5BCD224EBA2200DB7BDF /* Build configuration list for PBXNativeTarget "NDT7 tvOS Tests" */;
			buildPhases = (
				49BE5BC8224EBA2200DB7BDF /* Sources */,
				49BE5BCA224EBA2200DB7BDF /* Frameworks */,
				49BE5BCC224EBA2200DB7BDF /* Resources */,
			);
			buildRules = (
			);
			dependencies = (
				49BE5BD4224EC1B800DB7BDF /* PBXTargetDependency */,
			);
			name = "NDT7 tvOS Tests";
			productName = NDT7Tests;
			productReference = 49BE5BD0224EBA2200DB7BDF /* NDT7 tvOS Tests.xctest */;
			productType = "com.apple.product-type.bundle.unit-test";
		};
		49C52FF2224ED19600592C4C /* NDT7 watchOS */ = {
			isa = PBXNativeTarget;
			buildConfigurationList = 49C52FFC224ED19600592C4C /* Build configuration list for PBXNativeTarget "NDT7 watchOS" */;
			buildPhases = (
				49C52FF3224ED19600592C4C /* Headers */,
				49C52FF5224ED19600592C4C /* Sources */,
				49C52FF7224ED19600592C4C /* Frameworks */,
				49C52FF8224ED19600592C4C /* Resources */,
				887EB1482264EF21006EB7E7 /* Swiftlint */,
			);
			buildRules = (
			);
			dependencies = (
			);
			name = "NDT7 watchOS";
			productName = NDT7;
			productReference = 49C52FFF224ED19600592C4C /* NDT7.framework */;
			productType = "com.apple.product-type.framework";
		};
/* End PBXNativeTarget section */

/* Begin PBXProject section */
		49BE5B73224EAA3900DB7BDF /* Project object */ = {
			isa = PBXProject;
			attributes = {
				LastSwiftUpdateCheck = 1020;
				LastUpgradeCheck = 1020;
				ORGANIZATIONNAME = "M-Lab";
				TargetAttributes = {
					49610812225FBE5500678DF8 = {
						CreatedOnToolsVersion = 10.2;
					};
					49BE5B7B224EAA3900DB7BDF = {
						CreatedOnToolsVersion = 10.2;
						LastSwiftMigration = 1020;
					};
					49BE5B84224EAA3900DB7BDF = {
						CreatedOnToolsVersion = 10.2;
					};
				};
			};
			buildConfigurationList = 49BE5B76224EAA3900DB7BDF /* Build configuration list for PBXProject "NDT7" */;
			compatibilityVersion = "Xcode 9.3";
			developmentRegion = en;
			hasScannedForEncodings = 0;
			knownRegions = (
				en,
			);
			mainGroup = 49BE5B72224EAA3900DB7BDF;
			productRefGroup = 49BE5B7D224EAA3900DB7BDF /* Products */;
			projectDirPath = "";
			projectRoot = "";
			targets = (
				49BE5B7B224EAA3900DB7BDF /* NDT7 iOS */,
				49BE5B84224EAA3900DB7BDF /* NDT7 iOS Tests */,
				49BE5B9D224EB9D000DB7BDF /* NDT7 macOS */,
				49BE5BAB224EB9D400DB7BDF /* NDT7 macOS Tests */,
				49BE5BB7224EBA1E00DB7BDF /* NDT7 tvOS */,
				49BE5BC5224EBA2200DB7BDF /* NDT7 tvOS Tests */,
				49C52FF2224ED19600592C4C /* NDT7 watchOS */,
				49610812225FBE5500678DF8 /* Remove Trailing Whitespaces */,
			);
		};
/* End PBXProject section */

/* Begin PBXResourcesBuildPhase section */
		49BE5B7A224EAA3900DB7BDF /* Resources */ = {
			isa = PBXResourcesBuildPhase;
			buildActionMask = 2147483647;
			files = (
				9CD7B7FE254B1502004E9A7D /* Asurion-Private-NDT7.podspec in Resources */,
				49BE5B9C224EAB7300DB7BDF /* LICENSE in Resources */,
				49BE5B9A224EAB5C00DB7BDF /* README.md in Resources */,
				49BE5B98224EAB5200DB7BDF /* AUTHORS in Resources */,
			);
			runOnlyForDeploymentPostprocessing = 0;
		};
		49BE5B83224EAA3900DB7BDF /* Resources */ = {
			isa = PBXResourcesBuildPhase;
			buildActionMask = 2147483647;
			files = (
			);
			runOnlyForDeploymentPostprocessing = 0;
		};
		49BE5BA2224EB9D000DB7BDF /* Resources */ = {
			isa = PBXResourcesBuildPhase;
			buildActionMask = 2147483647;
			files = (
				49BE5BA3224EB9D000DB7BDF /* LICENSE in Resources */,
				49BE5BA4224EB9D000DB7BDF /* README.md in Resources */,
				49BE5BA5224EB9D000DB7BDF /* AUTHORS in Resources */,
			);
			runOnlyForDeploymentPostprocessing = 0;
		};
		49BE5BB2224EB9D400DB7BDF /* Resources */ = {
			isa = PBXResourcesBuildPhase;
			buildActionMask = 2147483647;
			files = (
			);
			runOnlyForDeploymentPostprocessing = 0;
		};
		49BE5BBC224EBA1E00DB7BDF /* Resources */ = {
			isa = PBXResourcesBuildPhase;
			buildActionMask = 2147483647;
			files = (
				49BE5BBD224EBA1E00DB7BDF /* LICENSE in Resources */,
				49BE5BBE224EBA1E00DB7BDF /* README.md in Resources */,
				49BE5BBF224EBA1E00DB7BDF /* AUTHORS in Resources */,
			);
			runOnlyForDeploymentPostprocessing = 0;
		};
		49BE5BCC224EBA2200DB7BDF /* Resources */ = {
			isa = PBXResourcesBuildPhase;
			buildActionMask = 2147483647;
			files = (
			);
			runOnlyForDeploymentPostprocessing = 0;
		};
		49C52FF8224ED19600592C4C /* Resources */ = {
			isa = PBXResourcesBuildPhase;
			buildActionMask = 2147483647;
			files = (
				49C52FF9224ED19600592C4C /* LICENSE in Resources */,
				49C52FFA224ED19600592C4C /* README.md in Resources */,
				49C52FFB224ED19600592C4C /* AUTHORS in Resources */,
			);
			runOnlyForDeploymentPostprocessing = 0;
		};
/* End PBXResourcesBuildPhase section */

/* Begin PBXShellScriptBuildPhase section */
		49610816225FBE6400678DF8 /* Remove Trailing Whitespaces */ = {
			isa = PBXShellScriptBuildPhase;
			buildActionMask = 2147483647;
			files = (
			);
			inputFileListPaths = (
			);
			inputPaths = (
			);
			name = "Remove Trailing Whitespaces";
			outputFileListPaths = (
			);
			outputPaths = (
			);
			runOnlyForDeploymentPostprocessing = 0;
			shellPath = /bin/sh;
			shellScript = "#!/bin/sh\n\ndirectories=(Example Sources Tests)\n\nfor directory in \"${directories[@]}\"\ndo\necho \"Removing trailing whitespaces in directory: $directory\"\nfind $directory -iregex '.*\\.swift' -exec sed -E -i '' -e 's/[[:blank:]]*$//' {} \\;\ndone\n";
		};
		887EB1452264EEA5006EB7E7 /* Swiftlint */ = {
			isa = PBXShellScriptBuildPhase;
			buildActionMask = 2147483647;
			files = (
			);
			inputFileListPaths = (
			);
			inputPaths = (
			);
			name = Swiftlint;
			outputFileListPaths = (
			);
			outputPaths = (
			);
			runOnlyForDeploymentPostprocessing = 0;
			shellPath = /bin/sh;
			shellScript = "if which swiftlint >/dev/null; then\nswiftlint\nelse\necho \"warning: SwiftLint not installed, download from https://github.com/realm/SwiftLint\"\nfi\n";
		};
		887EB1462264EEFA006EB7E7 /* Swiftlint */ = {
			isa = PBXShellScriptBuildPhase;
			buildActionMask = 2147483647;
			files = (
			);
			inputFileListPaths = (
			);
			inputPaths = (
			);
			name = Swiftlint;
			outputFileListPaths = (
			);
			outputPaths = (
			);
			runOnlyForDeploymentPostprocessing = 0;
			shellPath = /bin/sh;
			shellScript = "if which swiftlint >/dev/null; then\nswiftlint\nelse\necho \"warning: SwiftLint not installed, download from https://github.com/realm/SwiftLint\"\nfi\n";
		};
		887EB1472264EF12006EB7E7 /* Swiftlint */ = {
			isa = PBXShellScriptBuildPhase;
			buildActionMask = 2147483647;
			files = (
			);
			inputFileListPaths = (
			);
			inputPaths = (
			);
			name = Swiftlint;
			outputFileListPaths = (
			);
			outputPaths = (
			);
			runOnlyForDeploymentPostprocessing = 0;
			shellPath = /bin/sh;
			shellScript = "if which swiftlint >/dev/null; then\nswiftlint\nelse\necho \"warning: SwiftLint not installed, download from https://github.com/realm/SwiftLint\"\nfi\n";
		};
		887EB1482264EF21006EB7E7 /* Swiftlint */ = {
			isa = PBXShellScriptBuildPhase;
			buildActionMask = 2147483647;
			files = (
			);
			inputFileListPaths = (
			);
			inputPaths = (
			);
			name = Swiftlint;
			outputFileListPaths = (
			);
			outputPaths = (
			);
			runOnlyForDeploymentPostprocessing = 0;
			shellPath = /bin/sh;
			shellScript = "if which swiftlint >/dev/null; then\nswiftlint\nelse\necho \"warning: SwiftLint not installed, download from https://github.com/realm/SwiftLint\"\nfi\n";
		};
/* End PBXShellScriptBuildPhase section */

/* Begin PBXSourcesBuildPhase section */
		49BE5B78224EAA3900DB7BDF /* Sources */ = {
			isa = PBXSourcesBuildPhase;
			buildActionMask = 2147483647;
			files = (
				8830D1A2225BF60C00FA109E /* DebugConsoleLogger.swift in Sources */,
				887EB14D22653BEF006EB7E7 /* WebSocket.swift in Sources */,
				8830D1AA225C00E600FA109E /* DateExtension.swift in Sources */,
				887EB1672267DCBA006EB7E7 /* NDT7Measurement.swift in Sources */,
				887EB132225D5048006EB7E7 /* Queue.swift in Sources */,
				882CB2A1228DE278001FEE29 /* DataExtension.swift in Sources */,
				887EB16222669EAB006EB7E7 /* WeakRef.swift in Sources */,
				882CB29C228CC714001FEE29 /* Networking.swift in Sources */,
				887EB15D226680DD006EB7E7 /* NDT7Test.swift in Sources */,
				49BE5BDA224ECD7700DB7BDF /* NDT7.swift in Sources */,
				887EB15722654535006EB7E7 /* WebSocketWrapper.swift in Sources */,
				887EB12C225D18F5006EB7E7 /* SystemConsoleLogger.swift in Sources */,
				8830D19B225BCFF700FA109E /* LogNDT7.swift in Sources */,
				88E34DA2226E720900067D4F /* Constants.swift in Sources */,
				887EB13C225E8669006EB7E7 /* FileLogger.swift in Sources */,
				8891D9672268DB6A000BF913 /* NDT7Settings.swift in Sources */,
			);
			runOnlyForDeploymentPostprocessing = 0;
		};
		49BE5B81224EAA3900DB7BDF /* Sources */ = {
			isa = PBXSourcesBuildPhase;
			buildActionMask = 2147483647;
			files = (
				49D69384226A5C1E00B7277A /* NDT7SettingsTests.swift in Sources */,
				49610801225EB0B700678DF8 /* SystemConsoleLoggerTests.swift in Sources */,
				4961080B225EB17800678DF8 /* QueueTests.swift in Sources */,
				49610805225EB0D600678DF8 /* FileLoggerTests.swift in Sources */,
				49D69388226A5C2F00B7277A /* NDT7MeasurementTests.swift in Sources */,
				4961080F225EB18800678DF8 /* DateExtensionTests.swift in Sources */,
				49D69380226A5A8600B7277A /* WeakRefTests.swift in Sources */,
				88D408F9226F7C09002D889D /* ConstantsTests.swift in Sources */,
				49BE5B8B224EAA3900DB7BDF /* NDT7Tests.swift in Sources */,
				49D6938C226A5C7300B7277A /* NDT7TestTests.swift in Sources */,
				49D69390226A764100B7277A /* DebugConsoleLoggerTests.swift in Sources */,
				882CB2A6228DEBB0001FEE29 /* DataExtensionTests.swift in Sources */,
				496107F9225EB04B00678DF8 /* LogNDT7Tests.swift in Sources */,
				882CB2AA228E25C9001FEE29 /* NetworkingTests.swift in Sources */,
			);
			runOnlyForDeploymentPostprocessing = 0;
		};
		49BE5BA0224EB9D000DB7BDF /* Sources */ = {
			isa = PBXSourcesBuildPhase;
			buildActionMask = 2147483647;
			files = (
				8830D1A3225BF60C00FA109E /* DebugConsoleLogger.swift in Sources */,
				887EB14E22653BEF006EB7E7 /* WebSocket.swift in Sources */,
				8830D1AB225C00E600FA109E /* DateExtension.swift in Sources */,
				887EB1682267DCBA006EB7E7 /* NDT7Measurement.swift in Sources */,
				887EB133225D5048006EB7E7 /* Queue.swift in Sources */,
				882CB2A2228DE278001FEE29 /* DataExtension.swift in Sources */,
				887EB16322669EAB006EB7E7 /* WeakRef.swift in Sources */,
				882CB29D228CC714001FEE29 /* Networking.swift in Sources */,
				887EB15E226680DD006EB7E7 /* NDT7Test.swift in Sources */,
				49BB5F12224FDC7200CEB9E0 /* NDT7.swift in Sources */,
				887EB15822654535006EB7E7 /* WebSocketWrapper.swift in Sources */,
				887EB12D225D18F5006EB7E7 /* SystemConsoleLogger.swift in Sources */,
				8830D19C225BCFF700FA109E /* LogNDT7.swift in Sources */,
				88E34DA3226E720900067D4F /* Constants.swift in Sources */,
				887EB13D225E8669006EB7E7 /* FileLogger.swift in Sources */,
				8891D9682268DB6A000BF913 /* NDT7Settings.swift in Sources */,
			);
			runOnlyForDeploymentPostprocessing = 0;
		};
		49BE5BAE224EB9D400DB7BDF /* Sources */ = {
			isa = PBXSourcesBuildPhase;
			buildActionMask = 2147483647;
			files = (
				49D69385226A5C1E00B7277A /* NDT7SettingsTests.swift in Sources */,
				49610802225EB0B700678DF8 /* SystemConsoleLoggerTests.swift in Sources */,
				4961080C225EB17800678DF8 /* QueueTests.swift in Sources */,
				49610806225EB0D600678DF8 /* FileLoggerTests.swift in Sources */,
				49D69389226A5C2F00B7277A /* NDT7MeasurementTests.swift in Sources */,
				49610810225EB18800678DF8 /* DateExtensionTests.swift in Sources */,
				49D69381226A5A8600B7277A /* WeakRefTests.swift in Sources */,
				88D408FA226F7C09002D889D /* ConstantsTests.swift in Sources */,
				496107FE225EB0A400678DF8 /* LogNDT7Tests.swift in Sources */,
				49D6938D226A5C7300B7277A /* NDT7TestTests.swift in Sources */,
				49D69391226A764100B7277A /* DebugConsoleLoggerTests.swift in Sources */,
				882CB2A7228DEBB0001FEE29 /* DataExtensionTests.swift in Sources */,
				49BE5BAF224EB9D400DB7BDF /* NDT7Tests.swift in Sources */,
				882CB2AB228E25C9001FEE29 /* NetworkingTests.swift in Sources */,
			);
			runOnlyForDeploymentPostprocessing = 0;
		};
		49BE5BBA224EBA1E00DB7BDF /* Sources */ = {
			isa = PBXSourcesBuildPhase;
			buildActionMask = 2147483647;
			files = (
				8830D1A4225BF60C00FA109E /* DebugConsoleLogger.swift in Sources */,
				887EB14F22653BEF006EB7E7 /* WebSocket.swift in Sources */,
				8830D1AC225C00E600FA109E /* DateExtension.swift in Sources */,
				887EB1692267DCBA006EB7E7 /* NDT7Measurement.swift in Sources */,
				887EB134225D5048006EB7E7 /* Queue.swift in Sources */,
				882CB2A3228DE278001FEE29 /* DataExtension.swift in Sources */,
				887EB16422669EAB006EB7E7 /* WeakRef.swift in Sources */,
				882CB29E228CC714001FEE29 /* Networking.swift in Sources */,
				887EB15F226680DD006EB7E7 /* NDT7Test.swift in Sources */,
				49BB5F13224FDC7300CEB9E0 /* NDT7.swift in Sources */,
				887EB15922654535006EB7E7 /* WebSocketWrapper.swift in Sources */,
				887EB12E225D18F5006EB7E7 /* SystemConsoleLogger.swift in Sources */,
				8830D19D225BCFF700FA109E /* LogNDT7.swift in Sources */,
				88E34DA4226E720900067D4F /* Constants.swift in Sources */,
				887EB13E225E8669006EB7E7 /* FileLogger.swift in Sources */,
				8891D9692268DB6A000BF913 /* NDT7Settings.swift in Sources */,
			);
			runOnlyForDeploymentPostprocessing = 0;
		};
		49BE5BC8224EBA2200DB7BDF /* Sources */ = {
			isa = PBXSourcesBuildPhase;
			buildActionMask = 2147483647;
			files = (
				49D69386226A5C1E00B7277A /* NDT7SettingsTests.swift in Sources */,
				49610803225EB0B700678DF8 /* SystemConsoleLoggerTests.swift in Sources */,
				4961080D225EB17800678DF8 /* QueueTests.swift in Sources */,
				49610807225EB0D600678DF8 /* FileLoggerTests.swift in Sources */,
				49D6938A226A5C2F00B7277A /* NDT7MeasurementTests.swift in Sources */,
				49610811225EB18800678DF8 /* DateExtensionTests.swift in Sources */,
				49D69382226A5A8600B7277A /* WeakRefTests.swift in Sources */,
				88D408FB226F7C09002D889D /* ConstantsTests.swift in Sources */,
				496107FF225EB0A500678DF8 /* LogNDT7Tests.swift in Sources */,
				49D6938E226A5C7300B7277A /* NDT7TestTests.swift in Sources */,
				49D69392226A764100B7277A /* DebugConsoleLoggerTests.swift in Sources */,
				882CB2A8228DEBB0001FEE29 /* DataExtensionTests.swift in Sources */,
				49BE5BC9224EBA2200DB7BDF /* NDT7Tests.swift in Sources */,
				882CB2AC228E25C9001FEE29 /* NetworkingTests.swift in Sources */,
			);
			runOnlyForDeploymentPostprocessing = 0;
		};
		49C52FF5224ED19600592C4C /* Sources */ = {
			isa = PBXSourcesBuildPhase;
			buildActionMask = 2147483647;
			files = (
				8830D1A5225BF60C00FA109E /* DebugConsoleLogger.swift in Sources */,
				887EB15022653BEF006EB7E7 /* WebSocket.swift in Sources */,
				8830D1AD225C00E600FA109E /* DateExtension.swift in Sources */,
				887EB16A2267DCBA006EB7E7 /* NDT7Measurement.swift in Sources */,
				887EB135225D5048006EB7E7 /* Queue.swift in Sources */,
				882CB2A4228DE278001FEE29 /* DataExtension.swift in Sources */,
				887EB16522669EAB006EB7E7 /* WeakRef.swift in Sources */,
				882CB29F228CC714001FEE29 /* Networking.swift in Sources */,
				887EB160226680DD006EB7E7 /* NDT7Test.swift in Sources */,
				49C52FF6224ED19600592C4C /* NDT7.swift in Sources */,
				887EB15A22654535006EB7E7 /* WebSocketWrapper.swift in Sources */,
				887EB12F225D18F5006EB7E7 /* SystemConsoleLogger.swift in Sources */,
				8830D19E225BCFF700FA109E /* LogNDT7.swift in Sources */,
				88E34DA5226E720900067D4F /* Constants.swift in Sources */,
				887EB13F225E8669006EB7E7 /* FileLogger.swift in Sources */,
				8891D96A2268DB6A000BF913 /* NDT7Settings.swift in Sources */,
			);
			runOnlyForDeploymentPostprocessing = 0;
		};
/* End PBXSourcesBuildPhase section */

/* Begin PBXTargetDependency section */
		49BE5B88224EAA3900DB7BDF /* PBXTargetDependency */ = {
			isa = PBXTargetDependency;
			target = 49BE5B7B224EAA3900DB7BDF /* NDT7 iOS */;
			targetProxy = 49BE5B87224EAA3900DB7BDF /* PBXContainerItemProxy */;
		};
		49BE5BD2224EC1A300DB7BDF /* PBXTargetDependency */ = {
			isa = PBXTargetDependency;
			target = 49BE5B9D224EB9D000DB7BDF /* NDT7 macOS */;
			targetProxy = 49BE5BD1224EC1A300DB7BDF /* PBXContainerItemProxy */;
		};
		49BE5BD4224EC1B800DB7BDF /* PBXTargetDependency */ = {
			isa = PBXTargetDependency;
			target = 49BE5BB7224EBA1E00DB7BDF /* NDT7 tvOS */;
			targetProxy = 49BE5BD3224EC1B800DB7BDF /* PBXContainerItemProxy */;
		};
/* End PBXTargetDependency section */

/* Begin XCBuildConfiguration section */
		49610814225FBE5500678DF8 /* Debug */ = {
			isa = XCBuildConfiguration;
			buildSettings = {
				CODE_SIGN_STYLE = Automatic;
				PRODUCT_NAME = "$(TARGET_NAME)";
			};
			name = Debug;
		};
		49610815225FBE5500678DF8 /* Release */ = {
			isa = XCBuildConfiguration;
			buildSettings = {
				CODE_SIGN_STYLE = Automatic;
				PRODUCT_NAME = "$(TARGET_NAME)";
			};
			name = Release;
		};
		49BE5B8E224EAA3900DB7BDF /* Debug */ = {
			isa = XCBuildConfiguration;
			buildSettings = {
				ALWAYS_SEARCH_USER_PATHS = NO;
				CLANG_ANALYZER_NONNULL = YES;
				CLANG_ANALYZER_NUMBER_OBJECT_CONVERSION = YES_AGGRESSIVE;
				CLANG_CXX_LANGUAGE_STANDARD = "gnu++14";
				CLANG_CXX_LIBRARY = "libc++";
				CLANG_ENABLE_MODULES = YES;
				CLANG_ENABLE_OBJC_ARC = YES;
				CLANG_ENABLE_OBJC_WEAK = YES;
				CLANG_WARN_BLOCK_CAPTURE_AUTORELEASING = YES;
				CLANG_WARN_BOOL_CONVERSION = YES;
				CLANG_WARN_COMMA = YES;
				CLANG_WARN_CONSTANT_CONVERSION = YES;
				CLANG_WARN_DEPRECATED_OBJC_IMPLEMENTATIONS = YES;
				CLANG_WARN_DIRECT_OBJC_ISA_USAGE = YES_ERROR;
				CLANG_WARN_DOCUMENTATION_COMMENTS = YES;
				CLANG_WARN_EMPTY_BODY = YES;
				CLANG_WARN_ENUM_CONVERSION = YES;
				CLANG_WARN_INFINITE_RECURSION = YES;
				CLANG_WARN_INT_CONVERSION = YES;
				CLANG_WARN_NON_LITERAL_NULL_CONVERSION = YES;
				CLANG_WARN_OBJC_IMPLICIT_RETAIN_SELF = YES;
				CLANG_WARN_OBJC_LITERAL_CONVERSION = YES;
				CLANG_WARN_OBJC_ROOT_CLASS = YES_ERROR;
				CLANG_WARN_RANGE_LOOP_ANALYSIS = YES;
				CLANG_WARN_STRICT_PROTOTYPES = YES;
				CLANG_WARN_SUSPICIOUS_MOVE = YES;
				CLANG_WARN_UNGUARDED_AVAILABILITY = YES_AGGRESSIVE;
				CLANG_WARN_UNREACHABLE_CODE = YES;
				CLANG_WARN__DUPLICATE_METHOD_MATCH = YES;
				CODE_SIGN_IDENTITY = "iPhone Developer";
				COPY_PHASE_STRIP = NO;
				CURRENT_PROJECT_VERSION = 1;
				DEBUG_INFORMATION_FORMAT = dwarf;
				ENABLE_STRICT_OBJC_MSGSEND = YES;
				ENABLE_TESTABILITY = YES;
				GCC_C_LANGUAGE_STANDARD = gnu11;
				GCC_DYNAMIC_NO_PIC = NO;
				GCC_NO_COMMON_BLOCKS = YES;
				GCC_OPTIMIZATION_LEVEL = 0;
				GCC_PREPROCESSOR_DEFINITIONS = (
					"DEBUG=1",
					"$(inherited)",
				);
				GCC_WARN_64_TO_32_BIT_CONVERSION = YES;
				GCC_WARN_ABOUT_RETURN_TYPE = YES_ERROR;
				GCC_WARN_UNDECLARED_SELECTOR = YES;
				GCC_WARN_UNINITIALIZED_AUTOS = YES_AGGRESSIVE;
				GCC_WARN_UNUSED_FUNCTION = YES;
				GCC_WARN_UNUSED_VARIABLE = YES;
				IPHONEOS_DEPLOYMENT_TARGET = 10.0;
				MACOSX_DEPLOYMENT_TARGET = 10.12;
				MTL_ENABLE_DEBUG_INFO = INCLUDE_SOURCE;
				MTL_FAST_MATH = YES;
				ONLY_ACTIVE_ARCH = YES;
				SDKROOT = iphoneos;
				SWIFT_ACTIVE_COMPILATION_CONDITIONS = DEBUG;
				SWIFT_OPTIMIZATION_LEVEL = "-Onone";
				TVOS_DEPLOYMENT_TARGET = 10.0;
				VERSIONING_SYSTEM = "apple-generic";
				VERSION_INFO_PREFIX = "";
				WATCHOS_DEPLOYMENT_TARGET = 3.2;
			};
			name = Debug;
		};
		49BE5B8F224EAA3900DB7BDF /* Release */ = {
			isa = XCBuildConfiguration;
			buildSettings = {
				ALWAYS_SEARCH_USER_PATHS = NO;
				CLANG_ANALYZER_NONNULL = YES;
				CLANG_ANALYZER_NUMBER_OBJECT_CONVERSION = YES_AGGRESSIVE;
				CLANG_CXX_LANGUAGE_STANDARD = "gnu++14";
				CLANG_CXX_LIBRARY = "libc++";
				CLANG_ENABLE_MODULES = YES;
				CLANG_ENABLE_OBJC_ARC = YES;
				CLANG_ENABLE_OBJC_WEAK = YES;
				CLANG_WARN_BLOCK_CAPTURE_AUTORELEASING = YES;
				CLANG_WARN_BOOL_CONVERSION = YES;
				CLANG_WARN_COMMA = YES;
				CLANG_WARN_CONSTANT_CONVERSION = YES;
				CLANG_WARN_DEPRECATED_OBJC_IMPLEMENTATIONS = YES;
				CLANG_WARN_DIRECT_OBJC_ISA_USAGE = YES_ERROR;
				CLANG_WARN_DOCUMENTATION_COMMENTS = YES;
				CLANG_WARN_EMPTY_BODY = YES;
				CLANG_WARN_ENUM_CONVERSION = YES;
				CLANG_WARN_INFINITE_RECURSION = YES;
				CLANG_WARN_INT_CONVERSION = YES;
				CLANG_WARN_NON_LITERAL_NULL_CONVERSION = YES;
				CLANG_WARN_OBJC_IMPLICIT_RETAIN_SELF = YES;
				CLANG_WARN_OBJC_LITERAL_CONVERSION = YES;
				CLANG_WARN_OBJC_ROOT_CLASS = YES_ERROR;
				CLANG_WARN_RANGE_LOOP_ANALYSIS = YES;
				CLANG_WARN_STRICT_PROTOTYPES = YES;
				CLANG_WARN_SUSPICIOUS_MOVE = YES;
				CLANG_WARN_UNGUARDED_AVAILABILITY = YES_AGGRESSIVE;
				CLANG_WARN_UNREACHABLE_CODE = YES;
				CLANG_WARN__DUPLICATE_METHOD_MATCH = YES;
				CODE_SIGN_IDENTITY = "iPhone Developer";
				COPY_PHASE_STRIP = NO;
				CURRENT_PROJECT_VERSION = 1;
				DEBUG_INFORMATION_FORMAT = "dwarf-with-dsym";
				ENABLE_NS_ASSERTIONS = NO;
				ENABLE_STRICT_OBJC_MSGSEND = YES;
				GCC_C_LANGUAGE_STANDARD = gnu11;
				GCC_NO_COMMON_BLOCKS = YES;
				GCC_WARN_64_TO_32_BIT_CONVERSION = YES;
				GCC_WARN_ABOUT_RETURN_TYPE = YES_ERROR;
				GCC_WARN_UNDECLARED_SELECTOR = YES;
				GCC_WARN_UNINITIALIZED_AUTOS = YES_AGGRESSIVE;
				GCC_WARN_UNUSED_FUNCTION = YES;
				GCC_WARN_UNUSED_VARIABLE = YES;
				IPHONEOS_DEPLOYMENT_TARGET = 10.0;
				MACOSX_DEPLOYMENT_TARGET = 10.12;
				MTL_ENABLE_DEBUG_INFO = NO;
				MTL_FAST_MATH = YES;
				SDKROOT = iphoneos;
				SWIFT_COMPILATION_MODE = wholemodule;
				SWIFT_OPTIMIZATION_LEVEL = "-O";
				TVOS_DEPLOYMENT_TARGET = 10.0;
				VALIDATE_PRODUCT = YES;
				VERSIONING_SYSTEM = "apple-generic";
				VERSION_INFO_PREFIX = "";
				WATCHOS_DEPLOYMENT_TARGET = 3.2;
			};
			name = Release;
		};
		49BE5B91224EAA3900DB7BDF /* Debug */ = {
			isa = XCBuildConfiguration;
			buildSettings = {
				APPLICATION_EXTENSION_API_ONLY = YES;
				CLANG_ENABLE_MODULES = YES;
				CODE_SIGN_IDENTITY = "";
				CODE_SIGN_STYLE = Manual;
				DEFINES_MODULE = YES;
				DYLIB_COMPATIBILITY_VERSION = 1;
				DYLIB_CURRENT_VERSION = 1;
				DYLIB_INSTALL_NAME_BASE = "@rpath";
				INFOPLIST_FILE = "$(SRCROOT)/Sources/Info.plist";
				INSTALL_PATH = "$(LOCAL_LIBRARY_DIR)/Frameworks";
				IPHONEOS_DEPLOYMENT_TARGET = 10.0;
				LD_RUNPATH_SEARCH_PATHS = (
					"$(inherited)",
					"@executable_path/Frameworks",
					"@loader_path/Frameworks",
				);
				MARKETING_VERSION = 0.0.1;
				ONLY_ACTIVE_ARCH = YES;
				OTHER_LDFLAGS = "-all_load";
				PRODUCT_BUNDLE_IDENTIFIER = net.measurementlab.NDT7;
				PRODUCT_NAME = NDT7;
				SKIP_INSTALL = YES;
				SWIFT_OPTIMIZATION_LEVEL = "-Onone";
				SWIFT_VERSION = 5.0;
				TARGETED_DEVICE_FAMILY = "1,2";
			};
			name = Debug;
		};
		49BE5B92224EAA3900DB7BDF /* Release */ = {
			isa = XCBuildConfiguration;
			buildSettings = {
				APPLICATION_EXTENSION_API_ONLY = YES;
				CLANG_ENABLE_MODULES = YES;
				CODE_SIGN_IDENTITY = "";
				CODE_SIGN_STYLE = Manual;
				DEFINES_MODULE = YES;
				DYLIB_COMPATIBILITY_VERSION = 1;
				DYLIB_CURRENT_VERSION = 1;
				DYLIB_INSTALL_NAME_BASE = "@rpath";
				INFOPLIST_FILE = "$(SRCROOT)/Sources/Info.plist";
				INSTALL_PATH = "$(LOCAL_LIBRARY_DIR)/Frameworks";
				IPHONEOS_DEPLOYMENT_TARGET = 10.0;
				LD_RUNPATH_SEARCH_PATHS = (
					"$(inherited)",
					"@executable_path/Frameworks",
					"@loader_path/Frameworks",
				);
				MARKETING_VERSION = 0.0.1;
				ONLY_ACTIVE_ARCH = NO;
				OTHER_LDFLAGS = "-all_load";
				PRODUCT_BUNDLE_IDENTIFIER = net.measurementlab.NDT7;
				PRODUCT_NAME = NDT7;
				SKIP_INSTALL = YES;
				SWIFT_VERSION = 5.0;
				TARGETED_DEVICE_FAMILY = "1,2";
			};
			name = Release;
		};
		49BE5B94224EAA3900DB7BDF /* Debug */ = {
			isa = XCBuildConfiguration;
			buildSettings = {
				ALWAYS_EMBED_SWIFT_STANDARD_LIBRARIES = NO;
				CODE_SIGN_STYLE = Manual;
				INFOPLIST_FILE = "$(SRCROOT)/Tests/Info.plist";
				LD_RUNPATH_SEARCH_PATHS = (
					"$(inherited)",
					"@executable_path/Frameworks",
					"@loader_path/Frameworks",
				);
				PRODUCT_BUNDLE_IDENTIFIER = net.measurementlab.NDT7Tests;
				PRODUCT_NAME = "$(TARGET_NAME)";
				SWIFT_VERSION = 5.0;
				TARGETED_DEVICE_FAMILY = 1;
			};
			name = Debug;
		};
		49BE5B95224EAA3900DB7BDF /* Release */ = {
			isa = XCBuildConfiguration;
			buildSettings = {
				ALWAYS_EMBED_SWIFT_STANDARD_LIBRARIES = NO;
				CODE_SIGN_STYLE = Manual;
				INFOPLIST_FILE = "$(SRCROOT)/Tests/Info.plist";
				LD_RUNPATH_SEARCH_PATHS = (
					"$(inherited)",
					"@executable_path/Frameworks",
					"@loader_path/Frameworks",
				);
				PRODUCT_BUNDLE_IDENTIFIER = net.measurementlab.NDT7Tests;
				PRODUCT_NAME = "$(TARGET_NAME)";
				SWIFT_VERSION = 5.0;
				TARGETED_DEVICE_FAMILY = 1;
			};
			name = Release;
		};
		49BE5BA7224EB9D000DB7BDF /* Debug */ = {
			isa = XCBuildConfiguration;
			buildSettings = {
				APPLICATION_EXTENSION_API_ONLY = YES;
				CODE_SIGN_IDENTITY = "";
				CODE_SIGN_STYLE = Manual;
				DEFINES_MODULE = YES;
				DYLIB_COMPATIBILITY_VERSION = 1;
				DYLIB_CURRENT_VERSION = 1;
				DYLIB_INSTALL_NAME_BASE = "@rpath";
				INFOPLIST_FILE = "$(SRCROOT)/Sources/Info.plist";
				INSTALL_PATH = "$(LOCAL_LIBRARY_DIR)/Frameworks";
				LD_RUNPATH_SEARCH_PATHS = (
					"$(inherited)",
					"@executable_path/../Frameworks",
					"@loader_path/Frameworks",
				);
				MACOSX_DEPLOYMENT_TARGET = 10.12;
				MARKETING_VERSION = 0.0.1;
				OTHER_LDFLAGS = "-all_load";
				PRODUCT_BUNDLE_IDENTIFIER = net.measurementlab.NDT7;
				PRODUCT_NAME = NDT7;
				SDKROOT = macosx;
				SKIP_INSTALL = YES;
				SWIFT_VERSION = 5.0;
			};
			name = Debug;
		};
		49BE5BA8224EB9D000DB7BDF /* Release */ = {
			isa = XCBuildConfiguration;
			buildSettings = {
				APPLICATION_EXTENSION_API_ONLY = YES;
				CODE_SIGN_IDENTITY = "";
				CODE_SIGN_STYLE = Manual;
				DEFINES_MODULE = YES;
				DYLIB_COMPATIBILITY_VERSION = 1;
				DYLIB_CURRENT_VERSION = 1;
				DYLIB_INSTALL_NAME_BASE = "@rpath";
				INFOPLIST_FILE = "$(SRCROOT)/Sources/Info.plist";
				INSTALL_PATH = "$(LOCAL_LIBRARY_DIR)/Frameworks";
				LD_RUNPATH_SEARCH_PATHS = (
					"$(inherited)",
					"@executable_path/../Frameworks",
					"@loader_path/Frameworks",
				);
				MACOSX_DEPLOYMENT_TARGET = 10.12;
				MARKETING_VERSION = 0.0.1;
				OTHER_LDFLAGS = "-all_load";
				PRODUCT_BUNDLE_IDENTIFIER = net.measurementlab.NDT7;
				PRODUCT_NAME = NDT7;
				SDKROOT = macosx;
				SKIP_INSTALL = YES;
				SWIFT_VERSION = 5.0;
			};
			name = Release;
		};
		49BE5BB4224EB9D400DB7BDF /* Debug */ = {
			isa = XCBuildConfiguration;
			buildSettings = {
				CODE_SIGN_IDENTITY = "";
				CODE_SIGN_STYLE = Manual;
				INFOPLIST_FILE = "$(SRCROOT)/Tests/Info.plist";
				LD_RUNPATH_SEARCH_PATHS = (
					"$(inherited)",
					"@executable_path/../Frameworks",
					"@loader_path/../Frameworks",
				);
				PRODUCT_BUNDLE_IDENTIFIER = net.measurementlab.NDT7Tests;
				PRODUCT_NAME = "$(TARGET_NAME)";
				SDKROOT = macosx;
				SWIFT_VERSION = 5.0;
				TARGETED_DEVICE_FAMILY = "";
			};
			name = Debug;
		};
		49BE5BB5224EB9D400DB7BDF /* Release */ = {
			isa = XCBuildConfiguration;
			buildSettings = {
				CODE_SIGN_IDENTITY = "";
				CODE_SIGN_STYLE = Manual;
				INFOPLIST_FILE = "$(SRCROOT)/Tests/Info.plist";
				LD_RUNPATH_SEARCH_PATHS = (
					"$(inherited)",
					"@executable_path/../Frameworks",
					"@loader_path/../Frameworks",
				);
				PRODUCT_BUNDLE_IDENTIFIER = net.measurementlab.NDT7Tests;
				PRODUCT_NAME = "$(TARGET_NAME)";
				SDKROOT = macosx;
				SWIFT_VERSION = 5.0;
				TARGETED_DEVICE_FAMILY = "";
			};
			name = Release;
		};
		49BE5BC1224EBA1E00DB7BDF /* Debug */ = {
			isa = XCBuildConfiguration;
			buildSettings = {
				APPLICATION_EXTENSION_API_ONLY = YES;
				CODE_SIGN_IDENTITY = "";
				CODE_SIGN_STYLE = Manual;
				DEFINES_MODULE = YES;
				DYLIB_COMPATIBILITY_VERSION = 1;
				DYLIB_CURRENT_VERSION = 1;
				DYLIB_INSTALL_NAME_BASE = "@rpath";
				INFOPLIST_FILE = "$(SRCROOT)/Sources/Info.plist";
				INSTALL_PATH = "$(LOCAL_LIBRARY_DIR)/Frameworks";
				LD_RUNPATH_SEARCH_PATHS = (
					"$(inherited)",
					"@executable_path/Frameworks",
					"@loader_path/Frameworks",
				);
				MARKETING_VERSION = 0.0.1;
				OTHER_LDFLAGS = "-all_load";
				PRODUCT_BUNDLE_IDENTIFIER = net.measurementlab.NDT7;
				PRODUCT_NAME = NDT7;
				SDKROOT = appletvos;
				SKIP_INSTALL = YES;
				SWIFT_VERSION = 5.0;
				TARGETED_DEVICE_FAMILY = "1,2,3";
				TVOS_DEPLOYMENT_TARGET = 10.0;
			};
			name = Debug;
		};
		49BE5BC2224EBA1E00DB7BDF /* Release */ = {
			isa = XCBuildConfiguration;
			buildSettings = {
				APPLICATION_EXTENSION_API_ONLY = YES;
				CODE_SIGN_IDENTITY = "";
				CODE_SIGN_STYLE = Manual;
				DEFINES_MODULE = YES;
				DYLIB_COMPATIBILITY_VERSION = 1;
				DYLIB_CURRENT_VERSION = 1;
				DYLIB_INSTALL_NAME_BASE = "@rpath";
				INFOPLIST_FILE = "$(SRCROOT)/Sources/Info.plist";
				INSTALL_PATH = "$(LOCAL_LIBRARY_DIR)/Frameworks";
				LD_RUNPATH_SEARCH_PATHS = (
					"$(inherited)",
					"@executable_path/Frameworks",
					"@loader_path/Frameworks",
				);
				MARKETING_VERSION = 0.0.1;
				OTHER_LDFLAGS = "-all_load";
				PRODUCT_BUNDLE_IDENTIFIER = net.measurementlab.NDT7;
				PRODUCT_NAME = NDT7;
				SDKROOT = appletvos;
				SKIP_INSTALL = YES;
				SWIFT_VERSION = 5.0;
				TARGETED_DEVICE_FAMILY = "1,2,3";
				TVOS_DEPLOYMENT_TARGET = 10.0;
			};
			name = Release;
		};
		49BE5BCE224EBA2200DB7BDF /* Debug */ = {
			isa = XCBuildConfiguration;
			buildSettings = {
				ALWAYS_EMBED_SWIFT_STANDARD_LIBRARIES = NO;
				CODE_SIGN_IDENTITY = "iPhone Developer";
				CODE_SIGN_STYLE = Manual;
				INFOPLIST_FILE = "$(SRCROOT)/Tests/Info.plist";
				LD_RUNPATH_SEARCH_PATHS = (
					"$(inherited)",
					"@executable_path/Frameworks",
					"@loader_path/Frameworks",
				);
				PRODUCT_BUNDLE_IDENTIFIER = net.measurementlab.NDT7Tests;
				PRODUCT_NAME = "$(TARGET_NAME)";
				SDKROOT = appletvos;
				SWIFT_VERSION = 5.0;
				TARGETED_DEVICE_FAMILY = "1,2,3";
			};
			name = Debug;
		};
		49BE5BCF224EBA2200DB7BDF /* Release */ = {
			isa = XCBuildConfiguration;
			buildSettings = {
				ALWAYS_EMBED_SWIFT_STANDARD_LIBRARIES = NO;
				CODE_SIGN_IDENTITY = "iPhone Developer";
				CODE_SIGN_STYLE = Manual;
				INFOPLIST_FILE = "$(SRCROOT)/Tests/Info.plist";
				LD_RUNPATH_SEARCH_PATHS = (
					"$(inherited)",
					"@executable_path/Frameworks",
					"@loader_path/Frameworks",
				);
				PRODUCT_BUNDLE_IDENTIFIER = net.measurementlab.NDT7Tests;
				PRODUCT_NAME = "$(TARGET_NAME)";
				SDKROOT = appletvos;
				SWIFT_VERSION = 5.0;
				TARGETED_DEVICE_FAMILY = "1,2,3";
			};
			name = Release;
		};
		49C52FFD224ED19600592C4C /* Debug */ = {
			isa = XCBuildConfiguration;
			buildSettings = {
				APPLICATION_EXTENSION_API_ONLY = YES;
				CLANG_ENABLE_MODULES = YES;
				CODE_SIGN_IDENTITY = "";
				CODE_SIGN_STYLE = Manual;
				DEFINES_MODULE = YES;
				DYLIB_COMPATIBILITY_VERSION = 1;
				DYLIB_CURRENT_VERSION = 1;
				DYLIB_INSTALL_NAME_BASE = "@rpath";
				INFOPLIST_FILE = "$(SRCROOT)/Sources/Info.plist";
				INSTALL_PATH = "$(LOCAL_LIBRARY_DIR)/Frameworks";
				IPHONEOS_DEPLOYMENT_TARGET = 10.0;
				LD_RUNPATH_SEARCH_PATHS = (
					"$(inherited)",
					"@executable_path/Frameworks",
					"@loader_path/Frameworks",
				);
				MARKETING_VERSION = 0.0.1;
				OTHER_LDFLAGS = "-all_load";
				PRODUCT_BUNDLE_IDENTIFIER = net.measurementlab.NDT7;
				PRODUCT_NAME = NDT7;
				RESOURCES_TARGETED_DEVICE_FAMILY = "";
				SDKROOT = watchos;
				SKIP_INSTALL = YES;
				SWIFT_OPTIMIZATION_LEVEL = "-Onone";
				SWIFT_VERSION = 5.0;
				TARGETED_DEVICE_FAMILY = "1,2,4";
				WATCHOS_DEPLOYMENT_TARGET = 3.0;
			};
			name = Debug;
		};
		49C52FFE224ED19600592C4C /* Release */ = {
			isa = XCBuildConfiguration;
			buildSettings = {
				APPLICATION_EXTENSION_API_ONLY = YES;
				CLANG_ENABLE_MODULES = YES;
				CODE_SIGN_IDENTITY = "";
				CODE_SIGN_STYLE = Manual;
				DEFINES_MODULE = YES;
				DYLIB_COMPATIBILITY_VERSION = 1;
				DYLIB_CURRENT_VERSION = 1;
				DYLIB_INSTALL_NAME_BASE = "@rpath";
				INFOPLIST_FILE = "$(SRCROOT)/Sources/Info.plist";
				INSTALL_PATH = "$(LOCAL_LIBRARY_DIR)/Frameworks";
				IPHONEOS_DEPLOYMENT_TARGET = 10.0;
				LD_RUNPATH_SEARCH_PATHS = (
					"$(inherited)",
					"@executable_path/Frameworks",
					"@loader_path/Frameworks",
				);
				MARKETING_VERSION = 0.0.1;
				OTHER_LDFLAGS = "-all_load";
				PRODUCT_BUNDLE_IDENTIFIER = net.measurementlab.NDT7;
				PRODUCT_NAME = NDT7;
				RESOURCES_TARGETED_DEVICE_FAMILY = "";
				SDKROOT = watchos;
				SKIP_INSTALL = YES;
				SWIFT_VERSION = 5.0;
				TARGETED_DEVICE_FAMILY = "1,2,4";
				WATCHOS_DEPLOYMENT_TARGET = 3.0;
			};
			name = Release;
		};
/* End XCBuildConfiguration section */

/* Begin XCConfigurationList section */
		49610813225FBE5500678DF8 /* Build configuration list for PBXAggregateTarget "Remove Trailing Whitespaces" */ = {
			isa = XCConfigurationList;
			buildConfigurations = (
				49610814225FBE5500678DF8 /* Debug */,
				49610815225FBE5500678DF8 /* Release */,
			);
			defaultConfigurationIsVisible = 0;
			defaultConfigurationName = Release;
		};
		49BE5B76224EAA3900DB7BDF /* Build configuration list for PBXProject "NDT7" */ = {
			isa = XCConfigurationList;
			buildConfigurations = (
				49BE5B8E224EAA3900DB7BDF /* Debug */,
				49BE5B8F224EAA3900DB7BDF /* Release */,
			);
			defaultConfigurationIsVisible = 0;
			defaultConfigurationName = Release;
		};
		49BE5B90224EAA3900DB7BDF /* Build configuration list for PBXNativeTarget "NDT7 iOS" */ = {
			isa = XCConfigurationList;
			buildConfigurations = (
				49BE5B91224EAA3900DB7BDF /* Debug */,
				49BE5B92224EAA3900DB7BDF /* Release */,
			);
			defaultConfigurationIsVisible = 0;
			defaultConfigurationName = Release;
		};
		49BE5B93224EAA3900DB7BDF /* Build configuration list for PBXNativeTarget "NDT7 iOS Tests" */ = {
			isa = XCConfigurationList;
			buildConfigurations = (
				49BE5B94224EAA3900DB7BDF /* Debug */,
				49BE5B95224EAA3900DB7BDF /* Release */,
			);
			defaultConfigurationIsVisible = 0;
			defaultConfigurationName = Release;
		};
		49BE5BA6224EB9D000DB7BDF /* Build configuration list for PBXNativeTarget "NDT7 macOS" */ = {
			isa = XCConfigurationList;
			buildConfigurations = (
				49BE5BA7224EB9D000DB7BDF /* Debug */,
				49BE5BA8224EB9D000DB7BDF /* Release */,
			);
			defaultConfigurationIsVisible = 0;
			defaultConfigurationName = Release;
		};
		49BE5BB3224EB9D400DB7BDF /* Build configuration list for PBXNativeTarget "NDT7 macOS Tests" */ = {
			isa = XCConfigurationList;
			buildConfigurations = (
				49BE5BB4224EB9D400DB7BDF /* Debug */,
				49BE5BB5224EB9D400DB7BDF /* Release */,
			);
			defaultConfigurationIsVisible = 0;
			defaultConfigurationName = Release;
		};
		49BE5BC0224EBA1E00DB7BDF /* Build configuration list for PBXNativeTarget "NDT7 tvOS" */ = {
			isa = XCConfigurationList;
			buildConfigurations = (
				49BE5BC1224EBA1E00DB7BDF /* Debug */,
				49BE5BC2224EBA1E00DB7BDF /* Release */,
			);
			defaultConfigurationIsVisible = 0;
			defaultConfigurationName = Release;
		};
		49BE5BCD224EBA2200DB7BDF /* Build configuration list for PBXNativeTarget "NDT7 tvOS Tests" */ = {
			isa = XCConfigurationList;
			buildConfigurations = (
				49BE5BCE224EBA2200DB7BDF /* Debug */,
				49BE5BCF224EBA2200DB7BDF /* Release */,
			);
			defaultConfigurationIsVisible = 0;
			defaultConfigurationName = Release;
		};
		49C52FFC224ED19600592C4C /* Build configuration list for PBXNativeTarget "NDT7 watchOS" */ = {
			isa = XCConfigurationList;
			buildConfigurations = (
				49C52FFD224ED19600592C4C /* Debug */,
				49C52FFE224ED19600592C4C /* Release */,
			);
			defaultConfigurationIsVisible = 0;
			defaultConfigurationName = Release;
		};
/* End XCConfigurationList section */
	};
	rootObject = 49BE5B73224EAA3900DB7BDF /* Project object */;
}
